// !$*UTF8*$!
{
	archiveVersion = 1;
	classes = {
	};
	objectVersion = 51;
	objects = {

/* Begin PBXBuildFile section */
		3D03BE9E2544238C0080C3A6 /* TypeTestCell.swift in Sources */ = {isa = PBXBuildFile; fileRef = 3D03BE9D2544238C0080C3A6 /* TypeTestCell.swift */; };
		3D106EEC254698970074DB2F /* cat_animation.json in Resources */ = {isa = PBXBuildFile; fileRef = 3D106EEB254698960074DB2F /* cat_animation.json */; };
		3D106EF92546A6D00074DB2F /* poise_logo_colors.json in Resources */ = {isa = PBXBuildFile; fileRef = 3D106EF82546A6D00074DB2F /* poise_logo_colors.json */; };
		3D106EFC2546AC470074DB2F /* post_upload.json in Resources */ = {isa = PBXBuildFile; fileRef = 3D106EFB2546AC470074DB2F /* post_upload.json */; };
		3D15CD4B252C7DF9005879CD /* AuthService.swift in Sources */ = {isa = PBXBuildFile; fileRef = 3D15CD4A252C7DF9005879CD /* AuthService.swift */; };
		3D15EE3225381C6900402476 /* SelectTypeViewController.swift in Sources */ = {isa = PBXBuildFile; fileRef = 3D15EE3125381C6900402476 /* SelectTypeViewController.swift */; };
		3D1D8807253ACAE6005A0FE9 /* User.swift in Sources */ = {isa = PBXBuildFile; fileRef = 3D1D8804253ACAE6005A0FE9 /* User.swift */; };
		3D1D8808253ACAE6005A0FE9 /* Post.swift in Sources */ = {isa = PBXBuildFile; fileRef = 3D1D8805253ACAE6005A0FE9 /* Post.swift */; };
		3D1D8809253ACAE6005A0FE9 /* VegieType.swift in Sources */ = {isa = PBXBuildFile; fileRef = 3D1D8806253ACAE6005A0FE9 /* VegieType.swift */; };
		3D1D880D253AD0B1005A0FE9 /* TestViewController.swift in Sources */ = {isa = PBXBuildFile; fileRef = 3D1D880C253AD0B1005A0FE9 /* TestViewController.swift */; };
		3D1D8810253AD16D005A0FE9 /* TestCell.swift in Sources */ = {isa = PBXBuildFile; fileRef = 3D1D880F253AD16D005A0FE9 /* TestCell.swift */; };
		3D1FA4732526F30100C6388A /* AppDelegate.swift in Sources */ = {isa = PBXBuildFile; fileRef = 3D1FA4722526F30100C6388A /* AppDelegate.swift */; };
		3D1FA4752526F30100C6388A /* SceneDelegate.swift in Sources */ = {isa = PBXBuildFile; fileRef = 3D1FA4742526F30100C6388A /* SceneDelegate.swift */; };
		3D1FA4772526F30100C6388A /* HomeViewController.swift in Sources */ = {isa = PBXBuildFile; fileRef = 3D1FA4762526F30100C6388A /* HomeViewController.swift */; };
		3D1FA47A2526F30100C6388A /* Main.storyboard in Resources */ = {isa = PBXBuildFile; fileRef = 3D1FA4782526F30100C6388A /* Main.storyboard */; };
		3D1FA47C2526F30400C6388A /* Assets.xcassets in Resources */ = {isa = PBXBuildFile; fileRef = 3D1FA47B2526F30400C6388A /* Assets.xcassets */; };
		3D1FA47F2526F30400C6388A /* LaunchScreen.storyboard in Resources */ = {isa = PBXBuildFile; fileRef = 3D1FA47D2526F30400C6388A /* LaunchScreen.storyboard */; };
		3D1FA4892526F51900C6388A /* MainTabBarController.swift in Sources */ = {isa = PBXBuildFile; fileRef = 3D1FA4882526F51900C6388A /* MainTabBarController.swift */; };
		3D1FA48C2526FC9500C6388A /* Extension.swift in Sources */ = {isa = PBXBuildFile; fileRef = 3D1FA48B2526FC9400C6388A /* Extension.swift */; };
		3D3E4B18252D866700E25323 /* SF-Pro.ttf in Resources */ = {isa = PBXBuildFile; fileRef = 3D3E4B17252D866700E25323 /* SF-Pro.ttf */; };
		3D7F9CD62529954A006E23F4 /* HomeStoryboard.storyboard in Resources */ = {isa = PBXBuildFile; fileRef = 3D7F9CD52529954A006E23F4 /* HomeStoryboard.storyboard */; };
		3D7F9CD925299552006E23F4 /* MyPageStoryboard.storyboard in Resources */ = {isa = PBXBuildFile; fileRef = 3D7F9CD825299552006E23F4 /* MyPageStoryboard.storyboard */; };
		3D7F9CDC252998CC006E23F4 /* MyPageViewController.swift in Sources */ = {isa = PBXBuildFile; fileRef = 3D7F9CDB252998CC006E23F4 /* MyPageViewController.swift */; };
		3D7F9D2B2529BB09006E23F4 /* PostingViewController.swift in Sources */ = {isa = PBXBuildFile; fileRef = 3D7F9D2A2529BB09006E23F4 /* PostingViewController.swift */; };
		3D7F9D3C2529E388006E23F4 /* CaptionTextView.swift in Sources */ = {isa = PBXBuildFile; fileRef = 3D7F9D3B2529E388006E23F4 /* CaptionTextView.swift */; };
		3D7F9D3F2529EA86006E23F4 /* ImagePicker.swift in Sources */ = {isa = PBXBuildFile; fileRef = 3D7F9D3E2529EA86006E23F4 /* ImagePicker.swift */; };
		3D7F9D432529F114006E23F4 /* PostPhotoCell.swift in Sources */ = {isa = PBXBuildFile; fileRef = 3D7F9D422529F114006E23F4 /* PostPhotoCell.swift */; };
		3D8B13452530BC990022AE88 /* HomeHeaderView.swift in Sources */ = {isa = PBXBuildFile; fileRef = 3D8B13442530BC990022AE88 /* HomeHeaderView.swift */; };
		3D8B13482530BCA00022AE88 /* HomeFeedCell.swift in Sources */ = {isa = PBXBuildFile; fileRef = 3D8B13472530BCA00022AE88 /* HomeFeedCell.swift */; };
		3D8B134B2530BCB80022AE88 /* FeedImageCell.swift in Sources */ = {isa = PBXBuildFile; fileRef = 3D8B134A2530BCB80022AE88 /* FeedImageCell.swift */; };
		3D8B134E2530BCC20022AE88 /* RankingCustomTopView.swift in Sources */ = {isa = PBXBuildFile; fileRef = 3D8B134D2530BCC20022AE88 /* RankingCustomTopView.swift */; };
		3D8B13512530BCC70022AE88 /* RankingSecondView.swift in Sources */ = {isa = PBXBuildFile; fileRef = 3D8B13502530BCC70022AE88 /* RankingSecondView.swift */; };
		3D8B13542530BCCD0022AE88 /* RankingSecondViewCell.swift in Sources */ = {isa = PBXBuildFile; fileRef = 3D8B13532530BCCD0022AE88 /* RankingSecondViewCell.swift */; };
		3D8B13572530BCD60022AE88 /* RankingHeader.swift in Sources */ = {isa = PBXBuildFile; fileRef = 3D8B13562530BCD60022AE88 /* RankingHeader.swift */; };
		3D8B135A2530BCDD0022AE88 /* RankingCell.swift in Sources */ = {isa = PBXBuildFile; fileRef = 3D8B13592530BCDD0022AE88 /* RankingCell.swift */; };
		3D8B135D2530BCEE0022AE88 /* RankingViewController.swift in Sources */ = {isa = PBXBuildFile; fileRef = 3D8B135C2530BCEE0022AE88 /* RankingViewController.swift */; };
		3D8B13602530BCFD0022AE88 /* RankingViewModel.swift in Sources */ = {isa = PBXBuildFile; fileRef = 3D8B135F2530BCFD0022AE88 /* RankingViewModel.swift */; };
		3D9240E3254AA94300F92C9D /* upload_post.json in Resources */ = {isa = PBXBuildFile; fileRef = 3D9240E2254AA94300F92C9D /* upload_post.json */; };
		3D9914CE2535C4D400E17AF5 /* ActionSheetViewModel.swift in Sources */ = {isa = PBXBuildFile; fileRef = 3D9914CD2535C4D200E17AF5 /* ActionSheetViewModel.swift */; };
		3D9914D12536C12200E17AF5 /* PostingViewModel.swift in Sources */ = {isa = PBXBuildFile; fileRef = 3D9914D02536C12100E17AF5 /* PostingViewModel.swift */; };
		3D9F554725544A29003C84AD /* FeedDetailViewController.swift in Sources */ = {isa = PBXBuildFile; fileRef = 3D9F554625544A29003C84AD /* FeedDetailViewController.swift */; };
		3D9F554A25545454003C84AD /* FeedDetailCustomTopView.swift in Sources */ = {isa = PBXBuildFile; fileRef = 3D9F554925545454003C84AD /* FeedDetailCustomTopView.swift */; };
		3D9F555025545C12003C84AD /* FeedDetailViewModel.swift in Sources */ = {isa = PBXBuildFile; fileRef = 3D9F554F25545C12003C84AD /* FeedDetailViewModel.swift */; };
		3DB09D7B254BD97D00062E49 /* PhotoAddView.swift in Sources */ = {isa = PBXBuildFile; fileRef = 3DB09D7A254BD97D00062E49 /* PhotoAddView.swift */; };
		3DB73AF125566C8C00EAA49A /* FeedDetailHeader.swift in Sources */ = {isa = PBXBuildFile; fileRef = 3DB73AF025566C8C00EAA49A /* FeedDetailHeader.swift */; };
		3DBA137F25599BB100A04002 /* Notice.swift in Sources */ = {isa = PBXBuildFile; fileRef = 3DBA137E25599BB100A04002 /* Notice.swift */; };
		3DBA138425599F5A00A04002 /* NoticeService.swift in Sources */ = {isa = PBXBuildFile; fileRef = 3DBA138325599F5A00A04002 /* NoticeService.swift */; };
		3DBA138B2559AB7600A04002 /* GoogleService-Info.plist in Resources */ = {isa = PBXBuildFile; fileRef = 3DBA138A2559AB7600A04002 /* GoogleService-Info.plist */; };
		3DE6236A252B2925005F16A9 /* Constants.swift in Sources */ = {isa = PBXBuildFile; fileRef = 3DE62369252B2925005F16A9 /* Constants.swift */; };
		3DE6236E252B298F005F16A9 /* PostService.swift in Sources */ = {isa = PBXBuildFile; fileRef = 3DE6236D252B298F005F16A9 /* PostService.swift */; };
		3DE62375252C180D005F16A9 /* LoginViewController.swift in Sources */ = {isa = PBXBuildFile; fileRef = 3DE62374252C180D005F16A9 /* LoginViewController.swift */; };
		3DE6237A252C1FAB005F16A9 /* LoginStoryboard.storyboard in Resources */ = {isa = PBXBuildFile; fileRef = 3DE62379252C1FAB005F16A9 /* LoginStoryboard.storyboard */; };
		3DE62385252C4B79005F16A9 /* UserService.swift in Sources */ = {isa = PBXBuildFile; fileRef = 3DE62384252C4B79005F16A9 /* UserService.swift */; };
		BBBED5C82551485100ED95B1 /* MyPostViewController.swift in Sources */ = {isa = PBXBuildFile; fileRef = BBBED5C72551485100ED95B1 /* MyPostViewController.swift */; };
		BBBED5CB2551486000ED95B1 /* NoticeViewController.swift in Sources */ = {isa = PBXBuildFile; fileRef = BBBED5CA2551485F00ED95B1 /* NoticeViewController.swift */; };
		BBBED5CE2551486B00ED95B1 /* NoticeDetailViewController.swift in Sources */ = {isa = PBXBuildFile; fileRef = BBBED5CD2551486B00ED95B1 /* NoticeDetailViewController.swift */; };
		BBBED5D12551487500ED95B1 /* AboutVridgeViewController.swift in Sources */ = {isa = PBXBuildFile; fileRef = BBBED5D02551487500ED95B1 /* AboutVridgeViewController.swift */; };
		BBBED5D42551487A00ED95B1 /* EditProfileViewController.swift in Sources */ = {isa = PBXBuildFile; fileRef = BBBED5D32551487A00ED95B1 /* EditProfileViewController.swift */; };
		BBBED5D8255148D900ED95B1 /* MenuCell.swift in Sources */ = {isa = PBXBuildFile; fileRef = BBBED5D7255148D900ED95B1 /* MenuCell.swift */; };
		BBBED5DE255148E200ED95B1 /* AboutVridgeCell.swift in Sources */ = {isa = PBXBuildFile; fileRef = BBBED5DA255148E100ED95B1 /* AboutVridgeCell.swift */; };
		BBBED5DF255148E200ED95B1 /* NoticeDetailCell.swift in Sources */ = {isa = PBXBuildFile; fileRef = BBBED5DB255148E200ED95B1 /* NoticeDetailCell.swift */; };
		BBBED5E0255148E200ED95B1 /* NoticeCell.swift in Sources */ = {isa = PBXBuildFile; fileRef = BBBED5DC255148E200ED95B1 /* NoticeCell.swift */; };
		BBBED5E1255148E200ED95B1 /* CustomNavBar.swift in Sources */ = {isa = PBXBuildFile; fileRef = BBBED5DD255148E200ED95B1 /* CustomNavBar.swift */; };
		BBBED5E62551490200ED95B1 /* MyPageTopHeaderView.swift in Sources */ = {isa = PBXBuildFile; fileRef = BBBED5E32551490200ED95B1 /* MyPageTopHeaderView.swift */; };
		BBBED5E72551490200ED95B1 /* SecondSectionHeader.swift in Sources */ = {isa = PBXBuildFile; fileRef = BBBED5E42551490200ED95B1 /* SecondSectionHeader.swift */; };
		BBBED5E82551490200ED95B1 /* FirstSectionHeader.swift in Sources */ = {isa = PBXBuildFile; fileRef = BBBED5E52551490200ED95B1 /* FirstSectionHeader.swift */; };
		BBBED5EB2551491C00ED95B1 /* NoticeDetailHeader.swift in Sources */ = {isa = PBXBuildFile; fileRef = BBBED5EA2551491C00ED95B1 /* NoticeDetailHeader.swift */; };
		BBBED5F02551493200ED95B1 /* EditProfileHeaderView.swift in Sources */ = {isa = PBXBuildFile; fileRef = BBBED5ED2551493200ED95B1 /* EditProfileHeaderView.swift */; };
		BBBED5F12551493200ED95B1 /* EditProfileCell.swift in Sources */ = {isa = PBXBuildFile; fileRef = BBBED5EE2551493200ED95B1 /* EditProfileCell.swift */; };
		BBBED5F22551493200ED95B1 /* EditProfileFooterView.swift in Sources */ = {isa = PBXBuildFile; fileRef = BBBED5EF2551493200ED95B1 /* EditProfileFooterView.swift */; };
		BBBED5FD25543E8700ED95B1 /* MyPostCell.swift in Sources */ = {isa = PBXBuildFile; fileRef = BBBED5FC25543E8700ED95B1 /* MyPostCell.swift */; };
		BBBED6092554746A00ED95B1 /* MyPostDetailViewController.swift in Sources */ = {isa = PBXBuildFile; fileRef = BBBED6082554746A00ED95B1 /* MyPostDetailViewController.swift */; };
		BBBED60C2554761A00ED95B1 /* MyPostDetailCell.swift in Sources */ = {isa = PBXBuildFile; fileRef = BBBED60B2554761A00ED95B1 /* MyPostDetailCell.swift */; };
		BBC7CA002546EC040004513F /* Constants_ruhee.swift in Sources */ = {isa = PBXBuildFile; fileRef = BBC7C9FF2546EC040004513F /* Constants_ruhee.swift */; };
		BBF9E9A82559AB8C0045B6FD /* NicknameTextView.swift in Sources */ = {isa = PBXBuildFile; fileRef = BBF9E9A72559AB8C0045B6FD /* NicknameTextView.swift */; };
		C840F2487B2C26784737D5A1 /* Pods_Vridge.framework in Frameworks */ = {isa = PBXBuildFile; fileRef = A33ACCF0421075477663B637 /* Pods_Vridge.framework */; };
/* End PBXBuildFile section */

/* Begin PBXFileReference section */
		3D03BE9D2544238C0080C3A6 /* TypeTestCell.swift */ = {isa = PBXFileReference; lastKnownFileType = sourcecode.swift; path = TypeTestCell.swift; sourceTree = "<group>"; };
		3D106EEB254698960074DB2F /* cat_animation.json */ = {isa = PBXFileReference; fileEncoding = 4; lastKnownFileType = text.json; path = cat_animation.json; sourceTree = "<group>"; };
		3D106EF82546A6D00074DB2F /* poise_logo_colors.json */ = {isa = PBXFileReference; fileEncoding = 4; lastKnownFileType = text.json; path = poise_logo_colors.json; sourceTree = "<group>"; };
		3D106EFB2546AC470074DB2F /* post_upload.json */ = {isa = PBXFileReference; fileEncoding = 4; lastKnownFileType = text.json; path = post_upload.json; sourceTree = "<group>"; };
		3D15CD4A252C7DF9005879CD /* AuthService.swift */ = {isa = PBXFileReference; lastKnownFileType = sourcecode.swift; path = AuthService.swift; sourceTree = "<group>"; };
		3D15EE3125381C6900402476 /* SelectTypeViewController.swift */ = {isa = PBXFileReference; lastKnownFileType = sourcecode.swift; path = SelectTypeViewController.swift; sourceTree = "<group>"; };
		3D1D8804253ACAE6005A0FE9 /* User.swift */ = {isa = PBXFileReference; fileEncoding = 4; lastKnownFileType = sourcecode.swift; path = User.swift; sourceTree = "<group>"; };
		3D1D8805253ACAE6005A0FE9 /* Post.swift */ = {isa = PBXFileReference; fileEncoding = 4; lastKnownFileType = sourcecode.swift; path = Post.swift; sourceTree = "<group>"; };
		3D1D8806253ACAE6005A0FE9 /* VegieType.swift */ = {isa = PBXFileReference; fileEncoding = 4; lastKnownFileType = sourcecode.swift; path = VegieType.swift; sourceTree = "<group>"; };
		3D1D880C253AD0B1005A0FE9 /* TestViewController.swift */ = {isa = PBXFileReference; lastKnownFileType = sourcecode.swift; path = TestViewController.swift; sourceTree = "<group>"; };
		3D1D880F253AD16D005A0FE9 /* TestCell.swift */ = {isa = PBXFileReference; lastKnownFileType = sourcecode.swift; path = TestCell.swift; sourceTree = "<group>"; };
		3D1FA46F2526F30100C6388A /* Vridge.app */ = {isa = PBXFileReference; explicitFileType = wrapper.application; includeInIndex = 0; path = Vridge.app; sourceTree = BUILT_PRODUCTS_DIR; };
		3D1FA4722526F30100C6388A /* AppDelegate.swift */ = {isa = PBXFileReference; lastKnownFileType = sourcecode.swift; path = AppDelegate.swift; sourceTree = "<group>"; };
		3D1FA4742526F30100C6388A /* SceneDelegate.swift */ = {isa = PBXFileReference; lastKnownFileType = sourcecode.swift; path = SceneDelegate.swift; sourceTree = "<group>"; };
		3D1FA4762526F30100C6388A /* HomeViewController.swift */ = {isa = PBXFileReference; lastKnownFileType = sourcecode.swift; path = HomeViewController.swift; sourceTree = "<group>"; };
		3D1FA4792526F30100C6388A /* Base */ = {isa = PBXFileReference; lastKnownFileType = file.storyboard; name = Base; path = Base.lproj/Main.storyboard; sourceTree = "<group>"; };
		3D1FA47B2526F30400C6388A /* Assets.xcassets */ = {isa = PBXFileReference; lastKnownFileType = folder.assetcatalog; path = Assets.xcassets; sourceTree = "<group>"; };
		3D1FA47E2526F30400C6388A /* Base */ = {isa = PBXFileReference; lastKnownFileType = file.storyboard; name = Base; path = Base.lproj/LaunchScreen.storyboard; sourceTree = "<group>"; };
		3D1FA4802526F30400C6388A /* Info.plist */ = {isa = PBXFileReference; lastKnownFileType = text.plist.xml; path = Info.plist; sourceTree = "<group>"; };
		3D1FA4882526F51900C6388A /* MainTabBarController.swift */ = {isa = PBXFileReference; lastKnownFileType = sourcecode.swift; path = MainTabBarController.swift; sourceTree = "<group>"; };
		3D1FA48B2526FC9400C6388A /* Extension.swift */ = {isa = PBXFileReference; fileEncoding = 4; lastKnownFileType = sourcecode.swift; path = Extension.swift; sourceTree = "<group>"; };
		3D3E4B17252D866700E25323 /* SF-Pro.ttf */ = {isa = PBXFileReference; lastKnownFileType = file; path = "SF-Pro.ttf"; sourceTree = "<group>"; };
		3D7F9CD52529954A006E23F4 /* HomeStoryboard.storyboard */ = {isa = PBXFileReference; lastKnownFileType = file.storyboard; path = HomeStoryboard.storyboard; sourceTree = "<group>"; };
		3D7F9CD825299552006E23F4 /* MyPageStoryboard.storyboard */ = {isa = PBXFileReference; lastKnownFileType = file.storyboard; path = MyPageStoryboard.storyboard; sourceTree = "<group>"; };
		3D7F9CDB252998CC006E23F4 /* MyPageViewController.swift */ = {isa = PBXFileReference; lastKnownFileType = sourcecode.swift; path = MyPageViewController.swift; sourceTree = "<group>"; };
		3D7F9D2A2529BB09006E23F4 /* PostingViewController.swift */ = {isa = PBXFileReference; lastKnownFileType = sourcecode.swift; path = PostingViewController.swift; sourceTree = "<group>"; };
		3D7F9D3B2529E388006E23F4 /* CaptionTextView.swift */ = {isa = PBXFileReference; fileEncoding = 4; lastKnownFileType = sourcecode.swift; path = CaptionTextView.swift; sourceTree = "<group>"; };
		3D7F9D3E2529EA86006E23F4 /* ImagePicker.swift */ = {isa = PBXFileReference; lastKnownFileType = sourcecode.swift; path = ImagePicker.swift; sourceTree = "<group>"; };
		3D7F9D422529F114006E23F4 /* PostPhotoCell.swift */ = {isa = PBXFileReference; lastKnownFileType = sourcecode.swift; path = PostPhotoCell.swift; sourceTree = "<group>"; };
		3D8B13442530BC990022AE88 /* HomeHeaderView.swift */ = {isa = PBXFileReference; fileEncoding = 4; lastKnownFileType = sourcecode.swift; path = HomeHeaderView.swift; sourceTree = "<group>"; };
		3D8B13472530BCA00022AE88 /* HomeFeedCell.swift */ = {isa = PBXFileReference; fileEncoding = 4; lastKnownFileType = sourcecode.swift; path = HomeFeedCell.swift; sourceTree = "<group>"; };
		3D8B134A2530BCB80022AE88 /* FeedImageCell.swift */ = {isa = PBXFileReference; fileEncoding = 4; lastKnownFileType = sourcecode.swift; path = FeedImageCell.swift; sourceTree = "<group>"; };
		3D8B134D2530BCC20022AE88 /* RankingCustomTopView.swift */ = {isa = PBXFileReference; fileEncoding = 4; lastKnownFileType = sourcecode.swift; path = RankingCustomTopView.swift; sourceTree = "<group>"; };
		3D8B13502530BCC70022AE88 /* RankingSecondView.swift */ = {isa = PBXFileReference; fileEncoding = 4; lastKnownFileType = sourcecode.swift; path = RankingSecondView.swift; sourceTree = "<group>"; };
		3D8B13532530BCCD0022AE88 /* RankingSecondViewCell.swift */ = {isa = PBXFileReference; fileEncoding = 4; lastKnownFileType = sourcecode.swift; path = RankingSecondViewCell.swift; sourceTree = "<group>"; };
		3D8B13562530BCD60022AE88 /* RankingHeader.swift */ = {isa = PBXFileReference; fileEncoding = 4; lastKnownFileType = sourcecode.swift; path = RankingHeader.swift; sourceTree = "<group>"; };
		3D8B13592530BCDD0022AE88 /* RankingCell.swift */ = {isa = PBXFileReference; fileEncoding = 4; lastKnownFileType = sourcecode.swift; path = RankingCell.swift; sourceTree = "<group>"; };
		3D8B135C2530BCEE0022AE88 /* RankingViewController.swift */ = {isa = PBXFileReference; fileEncoding = 4; lastKnownFileType = sourcecode.swift; path = RankingViewController.swift; sourceTree = "<group>"; };
		3D8B135F2530BCFD0022AE88 /* RankingViewModel.swift */ = {isa = PBXFileReference; fileEncoding = 4; lastKnownFileType = sourcecode.swift; path = RankingViewModel.swift; sourceTree = "<group>"; };
		3D9240E2254AA94300F92C9D /* upload_post.json */ = {isa = PBXFileReference; fileEncoding = 4; lastKnownFileType = text.json; path = upload_post.json; sourceTree = "<group>"; };
		3D9914CD2535C4D200E17AF5 /* ActionSheetViewModel.swift */ = {isa = PBXFileReference; lastKnownFileType = sourcecode.swift; path = ActionSheetViewModel.swift; sourceTree = "<group>"; };
		3D9914D02536C12100E17AF5 /* PostingViewModel.swift */ = {isa = PBXFileReference; lastKnownFileType = sourcecode.swift; path = PostingViewModel.swift; sourceTree = "<group>"; };
		3D9F554625544A29003C84AD /* FeedDetailViewController.swift */ = {isa = PBXFileReference; lastKnownFileType = sourcecode.swift; path = FeedDetailViewController.swift; sourceTree = "<group>"; };
		3D9F554925545454003C84AD /* FeedDetailCustomTopView.swift */ = {isa = PBXFileReference; lastKnownFileType = sourcecode.swift; path = FeedDetailCustomTopView.swift; sourceTree = "<group>"; };
		3D9F554F25545C12003C84AD /* FeedDetailViewModel.swift */ = {isa = PBXFileReference; lastKnownFileType = sourcecode.swift; path = FeedDetailViewModel.swift; sourceTree = "<group>"; };
		3DB09D7A254BD97D00062E49 /* PhotoAddView.swift */ = {isa = PBXFileReference; lastKnownFileType = sourcecode.swift; path = PhotoAddView.swift; sourceTree = "<group>"; };
		3DB73AF025566C8C00EAA49A /* FeedDetailHeader.swift */ = {isa = PBXFileReference; lastKnownFileType = sourcecode.swift; path = FeedDetailHeader.swift; sourceTree = "<group>"; };
		3DBA137E25599BB100A04002 /* Notice.swift */ = {isa = PBXFileReference; lastKnownFileType = sourcecode.swift; path = Notice.swift; sourceTree = "<group>"; };
		3DBA138325599F5A00A04002 /* NoticeService.swift */ = {isa = PBXFileReference; lastKnownFileType = sourcecode.swift; path = NoticeService.swift; sourceTree = "<group>"; };
		3DBA138A2559AB7600A04002 /* GoogleService-Info.plist */ = {isa = PBXFileReference; fileEncoding = 4; lastKnownFileType = text.plist.xml; path = "GoogleService-Info.plist"; sourceTree = "<group>"; };
		3DE62369252B2925005F16A9 /* Constants.swift */ = {isa = PBXFileReference; lastKnownFileType = sourcecode.swift; path = Constants.swift; sourceTree = "<group>"; };
		3DE6236D252B298F005F16A9 /* PostService.swift */ = {isa = PBXFileReference; lastKnownFileType = sourcecode.swift; path = PostService.swift; sourceTree = "<group>"; };
		3DE62374252C180D005F16A9 /* LoginViewController.swift */ = {isa = PBXFileReference; lastKnownFileType = sourcecode.swift; path = LoginViewController.swift; sourceTree = "<group>"; };
		3DE62379252C1FAB005F16A9 /* LoginStoryboard.storyboard */ = {isa = PBXFileReference; lastKnownFileType = file.storyboard; path = LoginStoryboard.storyboard; sourceTree = "<group>"; };
		3DE62384252C4B79005F16A9 /* UserService.swift */ = {isa = PBXFileReference; lastKnownFileType = sourcecode.swift; path = UserService.swift; sourceTree = "<group>"; };
		3DE62388252C533C005F16A9 /* Vridge.entitlements */ = {isa = PBXFileReference; lastKnownFileType = text.plist.entitlements; path = Vridge.entitlements; sourceTree = "<group>"; };
		4EFB8696AD19739B99C5BA46 /* Pods-Vridge.debug.xcconfig */ = {isa = PBXFileReference; includeInIndex = 1; lastKnownFileType = text.xcconfig; name = "Pods-Vridge.debug.xcconfig"; path = "Target Support Files/Pods-Vridge/Pods-Vridge.debug.xcconfig"; sourceTree = "<group>"; };
		72092CD734F1544741759B80 /* Pods-Vridge.release.xcconfig */ = {isa = PBXFileReference; includeInIndex = 1; lastKnownFileType = text.xcconfig; name = "Pods-Vridge.release.xcconfig"; path = "Target Support Files/Pods-Vridge/Pods-Vridge.release.xcconfig"; sourceTree = "<group>"; };
		A33ACCF0421075477663B637 /* Pods_Vridge.framework */ = {isa = PBXFileReference; explicitFileType = wrapper.framework; includeInIndex = 0; path = Pods_Vridge.framework; sourceTree = BUILT_PRODUCTS_DIR; };
		BBBED5C72551485100ED95B1 /* MyPostViewController.swift */ = {isa = PBXFileReference; fileEncoding = 4; lastKnownFileType = sourcecode.swift; path = MyPostViewController.swift; sourceTree = "<group>"; };
		BBBED5CA2551485F00ED95B1 /* NoticeViewController.swift */ = {isa = PBXFileReference; fileEncoding = 4; lastKnownFileType = sourcecode.swift; path = NoticeViewController.swift; sourceTree = "<group>"; };
		BBBED5CD2551486B00ED95B1 /* NoticeDetailViewController.swift */ = {isa = PBXFileReference; fileEncoding = 4; lastKnownFileType = sourcecode.swift; path = NoticeDetailViewController.swift; sourceTree = "<group>"; };
		BBBED5D02551487500ED95B1 /* AboutVridgeViewController.swift */ = {isa = PBXFileReference; fileEncoding = 4; lastKnownFileType = sourcecode.swift; path = AboutVridgeViewController.swift; sourceTree = "<group>"; };
		BBBED5D32551487A00ED95B1 /* EditProfileViewController.swift */ = {isa = PBXFileReference; fileEncoding = 4; lastKnownFileType = sourcecode.swift; path = EditProfileViewController.swift; sourceTree = "<group>"; };
		BBBED5D7255148D900ED95B1 /* MenuCell.swift */ = {isa = PBXFileReference; fileEncoding = 4; lastKnownFileType = sourcecode.swift; path = MenuCell.swift; sourceTree = "<group>"; };
		BBBED5DA255148E100ED95B1 /* AboutVridgeCell.swift */ = {isa = PBXFileReference; fileEncoding = 4; lastKnownFileType = sourcecode.swift; path = AboutVridgeCell.swift; sourceTree = "<group>"; };
		BBBED5DB255148E200ED95B1 /* NoticeDetailCell.swift */ = {isa = PBXFileReference; fileEncoding = 4; lastKnownFileType = sourcecode.swift; path = NoticeDetailCell.swift; sourceTree = "<group>"; };
		BBBED5DC255148E200ED95B1 /* NoticeCell.swift */ = {isa = PBXFileReference; fileEncoding = 4; lastKnownFileType = sourcecode.swift; path = NoticeCell.swift; sourceTree = "<group>"; };
		BBBED5DD255148E200ED95B1 /* CustomNavBar.swift */ = {isa = PBXFileReference; fileEncoding = 4; lastKnownFileType = sourcecode.swift; path = CustomNavBar.swift; sourceTree = "<group>"; };
		BBBED5E32551490200ED95B1 /* MyPageTopHeaderView.swift */ = {isa = PBXFileReference; fileEncoding = 4; lastKnownFileType = sourcecode.swift; path = MyPageTopHeaderView.swift; sourceTree = "<group>"; };
		BBBED5E42551490200ED95B1 /* SecondSectionHeader.swift */ = {isa = PBXFileReference; fileEncoding = 4; lastKnownFileType = sourcecode.swift; path = SecondSectionHeader.swift; sourceTree = "<group>"; };
		BBBED5E52551490200ED95B1 /* FirstSectionHeader.swift */ = {isa = PBXFileReference; fileEncoding = 4; lastKnownFileType = sourcecode.swift; path = FirstSectionHeader.swift; sourceTree = "<group>"; };
		BBBED5EA2551491C00ED95B1 /* NoticeDetailHeader.swift */ = {isa = PBXFileReference; fileEncoding = 4; lastKnownFileType = sourcecode.swift; path = NoticeDetailHeader.swift; sourceTree = "<group>"; };
		BBBED5ED2551493200ED95B1 /* EditProfileHeaderView.swift */ = {isa = PBXFileReference; fileEncoding = 4; lastKnownFileType = sourcecode.swift; path = EditProfileHeaderView.swift; sourceTree = "<group>"; };
		BBBED5EE2551493200ED95B1 /* EditProfileCell.swift */ = {isa = PBXFileReference; fileEncoding = 4; lastKnownFileType = sourcecode.swift; path = EditProfileCell.swift; sourceTree = "<group>"; };
		BBBED5EF2551493200ED95B1 /* EditProfileFooterView.swift */ = {isa = PBXFileReference; fileEncoding = 4; lastKnownFileType = sourcecode.swift; path = EditProfileFooterView.swift; sourceTree = "<group>"; };
		BBBED5FC25543E8700ED95B1 /* MyPostCell.swift */ = {isa = PBXFileReference; lastKnownFileType = sourcecode.swift; path = MyPostCell.swift; sourceTree = "<group>"; };
		BBBED6082554746A00ED95B1 /* MyPostDetailViewController.swift */ = {isa = PBXFileReference; lastKnownFileType = sourcecode.swift; path = MyPostDetailViewController.swift; sourceTree = "<group>"; };
		BBBED60B2554761A00ED95B1 /* MyPostDetailCell.swift */ = {isa = PBXFileReference; lastKnownFileType = sourcecode.swift; path = MyPostDetailCell.swift; sourceTree = "<group>"; };
		BBC7C9FF2546EC040004513F /* Constants_ruhee.swift */ = {isa = PBXFileReference; lastKnownFileType = sourcecode.swift; path = Constants_ruhee.swift; sourceTree = "<group>"; };
		BBF9E9A72559AB8C0045B6FD /* NicknameTextView.swift */ = {isa = PBXFileReference; lastKnownFileType = sourcecode.swift; path = NicknameTextView.swift; sourceTree = "<group>"; };
/* End PBXFileReference section */

/* Begin PBXFrameworksBuildPhase section */
		3D1FA46C2526F30000C6388A /* Frameworks */ = {
			isa = PBXFrameworksBuildPhase;
			buildActionMask = 2147483647;
			files = (
				C840F2487B2C26784737D5A1 /* Pods_Vridge.framework in Frameworks */,
			);
			runOnlyForDeploymentPostprocessing = 0;
		};
/* End PBXFrameworksBuildPhase section */

/* Begin PBXGroup section */
		3138EFDBBEB329C52D2D601E /* Pods */ = {
			isa = PBXGroup;
			children = (
				4EFB8696AD19739B99C5BA46 /* Pods-Vridge.debug.xcconfig */,
				72092CD734F1544741759B80 /* Pods-Vridge.release.xcconfig */,
			);
			path = Pods;
			sourceTree = "<group>";
		};
		3D106EEF25469BB00074DB2F /* Lottie */ = {
			isa = PBXGroup;
			children = (
				3D9240E2254AA94300F92C9D /* upload_post.json */,
				3D106EFB2546AC470074DB2F /* post_upload.json */,
				3D106EF82546A6D00074DB2F /* poise_logo_colors.json */,
				3D106EEB254698960074DB2F /* cat_animation.json */,
			);
			path = Lottie;
			sourceTree = "<group>";
		};
		3D1D8803253ACABA005A0FE9 /* Model */ = {
			isa = PBXGroup;
			children = (
				3D1D8805253ACAE6005A0FE9 /* Post.swift */,
				3D1D8804253ACAE6005A0FE9 /* User.swift */,
				3DBA137E25599BB100A04002 /* Notice.swift */,
				3D1D8806253ACAE6005A0FE9 /* VegieType.swift */,
				3D7F9D3E2529EA86006E23F4 /* ImagePicker.swift */,
			);
			path = Model;
			sourceTree = "<group>";
		};
		3D1FA4662526F30000C6388A = {
			isa = PBXGroup;
			children = (
				3D1FA4712526F30100C6388A /* Vridge */,
				3D1FA4702526F30100C6388A /* Products */,
				3138EFDBBEB329C52D2D601E /* Pods */,
				EA8C7E823BE70EFB34DB1300 /* Frameworks */,
			);
			sourceTree = "<group>";
		};
		3D1FA4702526F30100C6388A /* Products */ = {
			isa = PBXGroup;
			children = (
				3D1FA46F2526F30100C6388A /* Vridge.app */,
			);
			name = Products;
			sourceTree = "<group>";
		};
		3D1FA4712526F30100C6388A /* Vridge */ = {
			isa = PBXGroup;
			children = (
				3DE62388252C533C005F16A9 /* Vridge.entitlements */,
				3D1FA4722526F30100C6388A /* AppDelegate.swift */,
				3D1FA4742526F30100C6388A /* SceneDelegate.swift */,
				3D1D8803253ACABA005A0FE9 /* Model */,
				3D7F9D232529B875006E23F4 /* View */,
				3D7F9D242529B878006E23F4 /* ViewModel */,
				3D7F9D252529B87D006E23F4 /* Controller */,
				3D7F9CD425299538006E23F4 /* Storyboards */,
				3DE6236C252B296F005F16A9 /* API */,
				3D61FF53252AE61000AC90D2 /* Utils */,
				3D3E4B16252D864E00E25323 /* Fonts */,
				3D106EEF25469BB00074DB2F /* Lottie */,
				3D1FA47B2526F30400C6388A /* Assets.xcassets */,
				3DBA138A2559AB7600A04002 /* GoogleService-Info.plist */,
				3D1FA4802526F30400C6388A /* Info.plist */,
				3D1FA47D2526F30400C6388A /* LaunchScreen.storyboard */,
			);
			path = Vridge;
			sourceTree = "<group>";
		};
		3D3E4B16252D864E00E25323 /* Fonts */ = {
			isa = PBXGroup;
			children = (
				3D3E4B17252D866700E25323 /* SF-Pro.ttf */,
			);
			path = Fonts;
			sourceTree = "<group>";
		};
		3D61FF53252AE61000AC90D2 /* Utils */ = {
			isa = PBXGroup;
			children = (
				3D1FA48B2526FC9400C6388A /* Extension.swift */,
				3DE62369252B2925005F16A9 /* Constants.swift */,
				BBC7C9FF2546EC040004513F /* Constants_ruhee.swift */,
			);
			path = Utils;
			sourceTree = "<group>";
		};
		3D7F9CD425299538006E23F4 /* Storyboards */ = {
			isa = PBXGroup;
			children = (
				3D1FA4782526F30100C6388A /* Main.storyboard */,
				3D7F9CD52529954A006E23F4 /* HomeStoryboard.storyboard */,
				3D7F9CD825299552006E23F4 /* MyPageStoryboard.storyboard */,
				3DE62379252C1FAB005F16A9 /* LoginStoryboard.storyboard */,
			);
			path = Storyboards;
			sourceTree = "<group>";
		};
		3D7F9D232529B875006E23F4 /* View */ = {
			isa = PBXGroup;
			children = (
				3D8B13622530C0B80022AE88 /* Home */,
				3D8B13632530C10B0022AE88 /* Ranking */,
				3D7F9D3B2529E388006E23F4 /* CaptionTextView.swift */,
				3DB09D7A254BD97D00062E49 /* PhotoAddView.swift */,
				3D7F9D422529F114006E23F4 /* PostPhotoCell.swift */,
				3D9F554925545454003C84AD /* FeedDetailCustomTopView.swift */,
				3DB73AF025566C8C00EAA49A /* FeedDetailHeader.swift */,
				BBBED5D6255148C300ED95B1 /* MyPage */,
			);
			path = View;
			sourceTree = "<group>";
		};
		3D7F9D242529B878006E23F4 /* ViewModel */ = {
			isa = PBXGroup;
			children = (
				3D8B135F2530BCFD0022AE88 /* RankingViewModel.swift */,
				3D9914CD2535C4D200E17AF5 /* ActionSheetViewModel.swift */,
				3D9914D02536C12100E17AF5 /* PostingViewModel.swift */,
				3D9F554F25545C12003C84AD /* FeedDetailViewModel.swift */,
			);
			path = ViewModel;
			sourceTree = "<group>";
		};
		3D7F9D252529B87D006E23F4 /* Controller */ = {
			isa = PBXGroup;
			children = (
				3DE62373252C17F1005F16A9 /* Authentication */,
				3D1FA4882526F51900C6388A /* MainTabBarController.swift */,
				3D1FA4762526F30100C6388A /* HomeViewController.swift */,
				3D9F554625544A29003C84AD /* FeedDetailViewController.swift */,
				3D7F9D2A2529BB09006E23F4 /* PostingViewController.swift */,
				3D8B135C2530BCEE0022AE88 /* RankingViewController.swift */,
				3D7F9CDB252998CC006E23F4 /* MyPageViewController.swift */,
				BBBED5C72551485100ED95B1 /* MyPostViewController.swift */,
				BBBED6082554746A00ED95B1 /* MyPostDetailViewController.swift */,
				BBBED5CA2551485F00ED95B1 /* NoticeViewController.swift */,
				BBBED5CD2551486B00ED95B1 /* NoticeDetailViewController.swift */,
				BBBED5D02551487500ED95B1 /* AboutVridgeViewController.swift */,
				BBBED5D32551487A00ED95B1 /* EditProfileViewController.swift */,
			);
			path = Controller;
			sourceTree = "<group>";
		};
		3D8B13622530C0B80022AE88 /* Home */ = {
			isa = PBXGroup;
			children = (
				3D8B13442530BC990022AE88 /* HomeHeaderView.swift */,
				3D8B13472530BCA00022AE88 /* HomeFeedCell.swift */,
				3D8B134A2530BCB80022AE88 /* FeedImageCell.swift */,
			);
			path = Home;
			sourceTree = "<group>";
		};
		3D8B13632530C10B0022AE88 /* Ranking */ = {
			isa = PBXGroup;
			children = (
				3D8B134D2530BCC20022AE88 /* RankingCustomTopView.swift */,
				3D8B13502530BCC70022AE88 /* RankingSecondView.swift */,
				3D8B13532530BCCD0022AE88 /* RankingSecondViewCell.swift */,
				3D8B13562530BCD60022AE88 /* RankingHeader.swift */,
				3D8B13592530BCDD0022AE88 /* RankingCell.swift */,
			);
			path = Ranking;
			sourceTree = "<group>";
		};
		3DE6236C252B296F005F16A9 /* API */ = {
			isa = PBXGroup;
			children = (
				3D15CD4A252C7DF9005879CD /* AuthService.swift */,
				3DE62384252C4B79005F16A9 /* UserService.swift */,
				3DE6236D252B298F005F16A9 /* PostService.swift */,
				3DBA138325599F5A00A04002 /* NoticeService.swift */,
			);
			path = API;
			sourceTree = "<group>";
		};
		3DE62373252C17F1005F16A9 /* Authentication */ = {
			isa = PBXGroup;
			children = (
				3DE62374252C180D005F16A9 /* LoginViewController.swift */,
				3D15EE3125381C6900402476 /* SelectTypeViewController.swift */,
				3D03BE9D2544238C0080C3A6 /* TypeTestCell.swift */,
				3D1D880C253AD0B1005A0FE9 /* TestViewController.swift */,
				3D1D880F253AD16D005A0FE9 /* TestCell.swift */,
			);
			path = Authentication;
			sourceTree = "<group>";
		};
		BBBED5D6255148C300ED95B1 /* MyPage */ = {
			isa = PBXGroup;
			children = (
				BBBED5D7255148D900ED95B1 /* MenuCell.swift */,
				BBBED5E32551490200ED95B1 /* MyPageTopHeaderView.swift */,
				BBBED5E52551490200ED95B1 /* FirstSectionHeader.swift */,
				BBBED5E42551490200ED95B1 /* SecondSectionHeader.swift */,
				BBBED5DD255148E200ED95B1 /* CustomNavBar.swift */,
				BBBED5FC25543E8700ED95B1 /* MyPostCell.swift */,
				BBBED60B2554761A00ED95B1 /* MyPostDetailCell.swift */,
				BBBED5DC255148E200ED95B1 /* NoticeCell.swift */,
				BBBED5DB255148E200ED95B1 /* NoticeDetailCell.swift */,
				BBBED5EA2551491C00ED95B1 /* NoticeDetailHeader.swift */,
				BBBED5DA255148E100ED95B1 /* AboutVridgeCell.swift */,
				BBBED5ED2551493200ED95B1 /* EditProfileHeaderView.swift */,
				BBF9E9A72559AB8C0045B6FD /* NicknameTextView.swift */,
				BBBED5EE2551493200ED95B1 /* EditProfileCell.swift */,
				BBBED5EF2551493200ED95B1 /* EditProfileFooterView.swift */,
			);
			path = MyPage;
			sourceTree = "<group>";
		};
		EA8C7E823BE70EFB34DB1300 /* Frameworks */ = {
			isa = PBXGroup;
			children = (
				A33ACCF0421075477663B637 /* Pods_Vridge.framework */,
			);
			name = Frameworks;
			sourceTree = "<group>";
		};
/* End PBXGroup section */

/* Begin PBXNativeTarget section */
		3D1FA46E2526F30000C6388A /* Vridge */ = {
			isa = PBXNativeTarget;
			buildConfigurationList = 3D1FA4832526F30400C6388A /* Build configuration list for PBXNativeTarget "Vridge" */;
			buildPhases = (
				E2CABE02254594AD36123B94 /* [CP] Check Pods Manifest.lock */,
				3D1FA46B2526F30000C6388A /* Sources */,
				3D1FA46C2526F30000C6388A /* Frameworks */,
				3D1FA46D2526F30000C6388A /* Resources */,
				FA432716B723357500900218 /* [CP] Embed Pods Frameworks */,
			);
			buildRules = (
			);
			dependencies = (
			);
			name = Vridge;
			productName = Vridge;
			productReference = 3D1FA46F2526F30100C6388A /* Vridge.app */;
			productType = "com.apple.product-type.application";
		};
/* End PBXNativeTarget section */

/* Begin PBXProject section */
		3D1FA4672526F30000C6388A /* Project object */ = {
			isa = PBXProject;
			attributes = {
				LastSwiftUpdateCheck = 1200;
				LastUpgradeCheck = 1200;
				TargetAttributes = {
					3D1FA46E2526F30000C6388A = {
						CreatedOnToolsVersion = 12.0;
					};
				};
			};
			buildConfigurationList = 3D1FA46A2526F30000C6388A /* Build configuration list for PBXProject "Vridge" */;
			compatibilityVersion = "Xcode 9.3";
			developmentRegion = en;
			hasScannedForEncodings = 0;
			knownRegions = (
				en,
				Base,
			);
			mainGroup = 3D1FA4662526F30000C6388A;
			productRefGroup = 3D1FA4702526F30100C6388A /* Products */;
			projectDirPath = "";
			projectRoot = "";
			targets = (
				3D1FA46E2526F30000C6388A /* Vridge */,
			);
		};
/* End PBXProject section */

/* Begin PBXResourcesBuildPhase section */
		3D1FA46D2526F30000C6388A /* Resources */ = {
			isa = PBXResourcesBuildPhase;
			buildActionMask = 2147483647;
			files = (
				3D1FA47F2526F30400C6388A /* LaunchScreen.storyboard in Resources */,
				3D7F9CD925299552006E23F4 /* MyPageStoryboard.storyboard in Resources */,
				3D1FA47C2526F30400C6388A /* Assets.xcassets in Resources */,
				3D106EEC254698970074DB2F /* cat_animation.json in Resources */,
				3D7F9CD62529954A006E23F4 /* HomeStoryboard.storyboard in Resources */,
				3DBA138B2559AB7600A04002 /* GoogleService-Info.plist in Resources */,
				3D106EFC2546AC470074DB2F /* post_upload.json in Resources */,
				3D9240E3254AA94300F92C9D /* upload_post.json in Resources */,
				3DE6237A252C1FAB005F16A9 /* LoginStoryboard.storyboard in Resources */,
				3D3E4B18252D866700E25323 /* SF-Pro.ttf in Resources */,
				3D106EF92546A6D00074DB2F /* poise_logo_colors.json in Resources */,
				3D1FA47A2526F30100C6388A /* Main.storyboard in Resources */,
			);
			runOnlyForDeploymentPostprocessing = 0;
		};
/* End PBXResourcesBuildPhase section */

/* Begin PBXShellScriptBuildPhase section */
		E2CABE02254594AD36123B94 /* [CP] Check Pods Manifest.lock */ = {
			isa = PBXShellScriptBuildPhase;
			buildActionMask = 2147483647;
			files = (
			);
			inputFileListPaths = (
			);
			inputPaths = (
				"${PODS_PODFILE_DIR_PATH}/Podfile.lock",
				"${PODS_ROOT}/Manifest.lock",
			);
			name = "[CP] Check Pods Manifest.lock";
			outputFileListPaths = (
			);
			outputPaths = (
				"$(DERIVED_FILE_DIR)/Pods-Vridge-checkManifestLockResult.txt",
			);
			runOnlyForDeploymentPostprocessing = 0;
			shellPath = /bin/sh;
			shellScript = "diff \"${PODS_PODFILE_DIR_PATH}/Podfile.lock\" \"${PODS_ROOT}/Manifest.lock\" > /dev/null\nif [ $? != 0 ] ; then\n    # print error to STDERR\n    echo \"error: The sandbox is not in sync with the Podfile.lock. Run 'pod install' or update your CocoaPods installation.\" >&2\n    exit 1\nfi\n# This output is used by Xcode 'outputs' to avoid re-running this script phase.\necho \"SUCCESS\" > \"${SCRIPT_OUTPUT_FILE_0}\"\n";
			showEnvVarsInLog = 0;
		};
		FA432716B723357500900218 /* [CP] Embed Pods Frameworks */ = {
			isa = PBXShellScriptBuildPhase;
			buildActionMask = 2147483647;
			files = (
			);
			inputFileListPaths = (
				"${PODS_ROOT}/Target Support Files/Pods-Vridge/Pods-Vridge-frameworks-${CONFIGURATION}-input-files.xcfilelist",
			);
			name = "[CP] Embed Pods Frameworks";
			outputFileListPaths = (
				"${PODS_ROOT}/Target Support Files/Pods-Vridge/Pods-Vridge-frameworks-${CONFIGURATION}-output-files.xcfilelist",
			);
			runOnlyForDeploymentPostprocessing = 0;
			shellPath = /bin/sh;
			shellScript = "\"${PODS_ROOT}/Target Support Files/Pods-Vridge/Pods-Vridge-frameworks.sh\"\n";
			showEnvVarsInLog = 0;
		};
/* End PBXShellScriptBuildPhase section */

/* Begin PBXSourcesBuildPhase section */
		3D1FA46B2526F30000C6388A /* Sources */ = {
			isa = PBXSourcesBuildPhase;
			buildActionMask = 2147483647;
			files = (
				BBBED5FD25543E8700ED95B1 /* MyPostCell.swift in Sources */,
				BBBED5C82551485100ED95B1 /* MyPostViewController.swift in Sources */,
				3D1FA48C2526FC9500C6388A /* Extension.swift in Sources */,
				3D8B13512530BCC70022AE88 /* RankingSecondView.swift in Sources */,
				3DE6236A252B2925005F16A9 /* Constants.swift in Sources */,
				3DBA138425599F5A00A04002 /* NoticeService.swift in Sources */,
				3D7F9D2B2529BB09006E23F4 /* PostingViewController.swift in Sources */,
				BBBED5E62551490200ED95B1 /* MyPageTopHeaderView.swift in Sources */,
				3D7F9CDC252998CC006E23F4 /* MyPageViewController.swift in Sources */,
				3D7F9D3F2529EA86006E23F4 /* ImagePicker.swift in Sources */,
				BBBED5CB2551486000ED95B1 /* NoticeViewController.swift in Sources */,
				3D15EE3225381C6900402476 /* SelectTypeViewController.swift in Sources */,
				3D1D8807253ACAE6005A0FE9 /* User.swift in Sources */,
				3D1FA4772526F30100C6388A /* HomeViewController.swift in Sources */,
				BBBED5E1255148E200ED95B1 /* CustomNavBar.swift in Sources */,
				3D8B135A2530BCDD0022AE88 /* RankingCell.swift in Sources */,
				3DB09D7B254BD97D00062E49 /* PhotoAddView.swift in Sources */,
				3D8B13482530BCA00022AE88 /* HomeFeedCell.swift in Sources */,
				BBBED5EB2551491C00ED95B1 /* NoticeDetailHeader.swift in Sources */,
				BBBED5CE2551486B00ED95B1 /* NoticeDetailViewController.swift in Sources */,
				BBBED5F12551493200ED95B1 /* EditProfileCell.swift in Sources */,
				3D1FA4892526F51900C6388A /* MainTabBarController.swift in Sources */,
				BBBED60C2554761A00ED95B1 /* MyPostDetailCell.swift in Sources */,
				3D1D880D253AD0B1005A0FE9 /* TestViewController.swift in Sources */,
				3D9914CE2535C4D400E17AF5 /* ActionSheetViewModel.swift in Sources */,
				BBBED5F02551493200ED95B1 /* EditProfileHeaderView.swift in Sources */,
				3D9914D12536C12200E17AF5 /* PostingViewModel.swift in Sources */,
				BBBED5E72551490200ED95B1 /* SecondSectionHeader.swift in Sources */,
				BBBED6092554746A00ED95B1 /* MyPostDetailViewController.swift in Sources */,
				3D8B134B2530BCB80022AE88 /* FeedImageCell.swift in Sources */,
				BBBED5D42551487A00ED95B1 /* EditProfileViewController.swift in Sources */,
				3DE6236E252B298F005F16A9 /* PostService.swift in Sources */,
				BBBED5E82551490200ED95B1 /* FirstSectionHeader.swift in Sources */,
				BBBED5D8255148D900ED95B1 /* MenuCell.swift in Sources */,
				3D8B13602530BCFD0022AE88 /* RankingViewModel.swift in Sources */,
				3D7F9D432529F114006E23F4 /* PostPhotoCell.swift in Sources */,
				3D8B135D2530BCEE0022AE88 /* RankingViewController.swift in Sources */,
				3D1D8808253ACAE6005A0FE9 /* Post.swift in Sources */,
				3D7F9D3C2529E388006E23F4 /* CaptionTextView.swift in Sources */,
				3D03BE9E2544238C0080C3A6 /* TypeTestCell.swift in Sources */,
				3D8B13452530BC990022AE88 /* HomeHeaderView.swift in Sources */,
				3D8B13542530BCCD0022AE88 /* RankingSecondViewCell.swift in Sources */,
				BBBED5DE255148E200ED95B1 /* AboutVridgeCell.swift in Sources */,
				3D9F555025545C12003C84AD /* FeedDetailViewModel.swift in Sources */,
				3D8B13572530BCD60022AE88 /* RankingHeader.swift in Sources */,
				3DE62385252C4B79005F16A9 /* UserService.swift in Sources */,
				3D1FA4732526F30100C6388A /* AppDelegate.swift in Sources */,
				3D15CD4B252C7DF9005879CD /* AuthService.swift in Sources */,
				BBBED5D12551487500ED95B1 /* AboutVridgeViewController.swift in Sources */,
				3DBA137F25599BB100A04002 /* Notice.swift in Sources */,
				BBBED5F22551493200ED95B1 /* EditProfileFooterView.swift in Sources */,
				3D9F554725544A29003C84AD /* FeedDetailViewController.swift in Sources */,
				BBBED5DF255148E200ED95B1 /* NoticeDetailCell.swift in Sources */,
				3D9F554A25545454003C84AD /* FeedDetailCustomTopView.swift in Sources */,
				3D1D8809253ACAE6005A0FE9 /* VegieType.swift in Sources */,
				BBC7CA002546EC040004513F /* Constants_ruhee.swift in Sources */,
				3D8B134E2530BCC20022AE88 /* RankingCustomTopView.swift in Sources */,
				3DE62375252C180D005F16A9 /* LoginViewController.swift in Sources */,
				BBF9E9A82559AB8C0045B6FD /* NicknameTextView.swift in Sources */,
				3DB73AF125566C8C00EAA49A /* FeedDetailHeader.swift in Sources */,
				BBBED5E0255148E200ED95B1 /* NoticeCell.swift in Sources */,
				3D1FA4752526F30100C6388A /* SceneDelegate.swift in Sources */,
				3D1D8810253AD16D005A0FE9 /* TestCell.swift in Sources */,
			);
			runOnlyForDeploymentPostprocessing = 0;
		};
/* End PBXSourcesBuildPhase section */

/* Begin PBXVariantGroup section */
		3D1FA4782526F30100C6388A /* Main.storyboard */ = {
			isa = PBXVariantGroup;
			children = (
				3D1FA4792526F30100C6388A /* Base */,
			);
			name = Main.storyboard;
			sourceTree = "<group>";
		};
		3D1FA47D2526F30400C6388A /* LaunchScreen.storyboard */ = {
			isa = PBXVariantGroup;
			children = (
				3D1FA47E2526F30400C6388A /* Base */,
			);
			name = LaunchScreen.storyboard;
			sourceTree = "<group>";
		};
/* End PBXVariantGroup section */

/* Begin XCBuildConfiguration section */
		3D1FA4812526F30400C6388A /* Debug */ = {
			isa = XCBuildConfiguration;
			buildSettings = {
				ALWAYS_SEARCH_USER_PATHS = NO;
				CLANG_ANALYZER_NONNULL = YES;
				CLANG_ANALYZER_NUMBER_OBJECT_CONVERSION = YES_AGGRESSIVE;
				CLANG_CXX_LANGUAGE_STANDARD = "gnu++14";
				CLANG_CXX_LIBRARY = "libc++";
				CLANG_ENABLE_MODULES = YES;
				CLANG_ENABLE_OBJC_ARC = YES;
				CLANG_ENABLE_OBJC_WEAK = YES;
				CLANG_WARN_BLOCK_CAPTURE_AUTORELEASING = YES;
				CLANG_WARN_BOOL_CONVERSION = YES;
				CLANG_WARN_COMMA = YES;
				CLANG_WARN_CONSTANT_CONVERSION = YES;
				CLANG_WARN_DEPRECATED_OBJC_IMPLEMENTATIONS = YES;
				CLANG_WARN_DIRECT_OBJC_ISA_USAGE = YES_ERROR;
				CLANG_WARN_DOCUMENTATION_COMMENTS = YES;
				CLANG_WARN_EMPTY_BODY = YES;
				CLANG_WARN_ENUM_CONVERSION = YES;
				CLANG_WARN_INFINITE_RECURSION = YES;
				CLANG_WARN_INT_CONVERSION = YES;
				CLANG_WARN_NON_LITERAL_NULL_CONVERSION = YES;
				CLANG_WARN_OBJC_IMPLICIT_RETAIN_SELF = YES;
				CLANG_WARN_OBJC_LITERAL_CONVERSION = YES;
				CLANG_WARN_OBJC_ROOT_CLASS = YES_ERROR;
				CLANG_WARN_QUOTED_INCLUDE_IN_FRAMEWORK_HEADER = YES;
				CLANG_WARN_RANGE_LOOP_ANALYSIS = YES;
				CLANG_WARN_STRICT_PROTOTYPES = YES;
				CLANG_WARN_SUSPICIOUS_MOVE = YES;
				CLANG_WARN_UNGUARDED_AVAILABILITY = YES_AGGRESSIVE;
				CLANG_WARN_UNREACHABLE_CODE = YES;
				CLANG_WARN__DUPLICATE_METHOD_MATCH = YES;
				COPY_PHASE_STRIP = NO;
				DEBUG_INFORMATION_FORMAT = dwarf;
				ENABLE_STRICT_OBJC_MSGSEND = YES;
				ENABLE_TESTABILITY = YES;
				GCC_C_LANGUAGE_STANDARD = gnu11;
				GCC_DYNAMIC_NO_PIC = NO;
				GCC_NO_COMMON_BLOCKS = YES;
				GCC_OPTIMIZATION_LEVEL = 0;
				GCC_PREPROCESSOR_DEFINITIONS = (
					"DEBUG=1",
					"$(inherited)",
				);
				GCC_WARN_64_TO_32_BIT_CONVERSION = YES;
				GCC_WARN_ABOUT_RETURN_TYPE = YES_ERROR;
				GCC_WARN_UNDECLARED_SELECTOR = YES;
				GCC_WARN_UNINITIALIZED_AUTOS = YES_AGGRESSIVE;
				GCC_WARN_UNUSED_FUNCTION = YES;
				GCC_WARN_UNUSED_VARIABLE = YES;
				IPHONEOS_DEPLOYMENT_TARGET = 13.6;
				MTL_ENABLE_DEBUG_INFO = INCLUDE_SOURCE;
				MTL_FAST_MATH = YES;
				ONLY_ACTIVE_ARCH = YES;
				SDKROOT = iphoneos;
				SWIFT_ACTIVE_COMPILATION_CONDITIONS = DEBUG;
				SWIFT_OPTIMIZATION_LEVEL = "-Onone";
			};
			name = Debug;
		};
		3D1FA4822526F30400C6388A /* Release */ = {
			isa = XCBuildConfiguration;
			buildSettings = {
				ALWAYS_SEARCH_USER_PATHS = NO;
				CLANG_ANALYZER_NONNULL = YES;
				CLANG_ANALYZER_NUMBER_OBJECT_CONVERSION = YES_AGGRESSIVE;
				CLANG_CXX_LANGUAGE_STANDARD = "gnu++14";
				CLANG_CXX_LIBRARY = "libc++";
				CLANG_ENABLE_MODULES = YES;
				CLANG_ENABLE_OBJC_ARC = YES;
				CLANG_ENABLE_OBJC_WEAK = YES;
				CLANG_WARN_BLOCK_CAPTURE_AUTORELEASING = YES;
				CLANG_WARN_BOOL_CONVERSION = YES;
				CLANG_WARN_COMMA = YES;
				CLANG_WARN_CONSTANT_CONVERSION = YES;
				CLANG_WARN_DEPRECATED_OBJC_IMPLEMENTATIONS = YES;
				CLANG_WARN_DIRECT_OBJC_ISA_USAGE = YES_ERROR;
				CLANG_WARN_DOCUMENTATION_COMMENTS = YES;
				CLANG_WARN_EMPTY_BODY = YES;
				CLANG_WARN_ENUM_CONVERSION = YES;
				CLANG_WARN_INFINITE_RECURSION = YES;
				CLANG_WARN_INT_CONVERSION = YES;
				CLANG_WARN_NON_LITERAL_NULL_CONVERSION = YES;
				CLANG_WARN_OBJC_IMPLICIT_RETAIN_SELF = YES;
				CLANG_WARN_OBJC_LITERAL_CONVERSION = YES;
				CLANG_WARN_OBJC_ROOT_CLASS = YES_ERROR;
				CLANG_WARN_QUOTED_INCLUDE_IN_FRAMEWORK_HEADER = YES;
				CLANG_WARN_RANGE_LOOP_ANALYSIS = YES;
				CLANG_WARN_STRICT_PROTOTYPES = YES;
				CLANG_WARN_SUSPICIOUS_MOVE = YES;
				CLANG_WARN_UNGUARDED_AVAILABILITY = YES_AGGRESSIVE;
				CLANG_WARN_UNREACHABLE_CODE = YES;
				CLANG_WARN__DUPLICATE_METHOD_MATCH = YES;
				COPY_PHASE_STRIP = NO;
				DEBUG_INFORMATION_FORMAT = "dwarf-with-dsym";
				ENABLE_NS_ASSERTIONS = NO;
				ENABLE_STRICT_OBJC_MSGSEND = YES;
				GCC_C_LANGUAGE_STANDARD = gnu11;
				GCC_NO_COMMON_BLOCKS = YES;
				GCC_WARN_64_TO_32_BIT_CONVERSION = YES;
				GCC_WARN_ABOUT_RETURN_TYPE = YES_ERROR;
				GCC_WARN_UNDECLARED_SELECTOR = YES;
				GCC_WARN_UNINITIALIZED_AUTOS = YES_AGGRESSIVE;
				GCC_WARN_UNUSED_FUNCTION = YES;
				GCC_WARN_UNUSED_VARIABLE = YES;
				IPHONEOS_DEPLOYMENT_TARGET = 13.6;
				MTL_ENABLE_DEBUG_INFO = NO;
				MTL_FAST_MATH = YES;
				SDKROOT = iphoneos;
				SWIFT_COMPILATION_MODE = wholemodule;
				SWIFT_OPTIMIZATION_LEVEL = "-O";
				VALIDATE_PRODUCT = YES;
			};
			name = Release;
		};
		3D1FA4842526F30400C6388A /* Debug */ = {
			isa = XCBuildConfiguration;
			baseConfigurationReference = 4EFB8696AD19739B99C5BA46 /* Pods-Vridge.debug.xcconfig */;
			buildSettings = {
				ASSETCATALOG_COMPILER_APPICON_NAME = AppIcon;
				ASSETCATALOG_COMPILER_GLOBAL_ACCENT_COLOR_NAME = AccentColor;
				CODE_SIGN_ENTITLEMENTS = Vridge/Vridge.entitlements;
				CODE_SIGN_STYLE = Automatic;
				DEVELOPMENT_TEAM = 3YAPL3Q6FM;
				INFOPLIST_FILE = Vridge/Info.plist;
				LD_RUNPATH_SEARCH_PATHS = (
					"$(inherited)",
					"@executable_path/Frameworks",
				);
				PRODUCT_BUNDLE_IDENTIFIER = com.dreamin.Vridge;
				PRODUCT_NAME = "$(TARGET_NAME)";
				SWIFT_VERSION = 5.0;
				TARGETED_DEVICE_FAMILY = "1,2";
			};
			name = Debug;
		};
		3D1FA4852526F30400C6388A /* Release */ = {
			isa = XCBuildConfiguration;
			baseConfigurationReference = 72092CD734F1544741759B80 /* Pods-Vridge.release.xcconfig */;
			buildSettings = {
				ASSETCATALOG_COMPILER_APPICON_NAME = AppIcon;
				ASSETCATALOG_COMPILER_GLOBAL_ACCENT_COLOR_NAME = AccentColor;
				CODE_SIGN_ENTITLEMENTS = Vridge/Vridge.entitlements;
				CODE_SIGN_STYLE = Automatic;
				DEVELOPMENT_TEAM = 3YAPL3Q6FM;
				INFOPLIST_FILE = Vridge/Info.plist;
				LD_RUNPATH_SEARCH_PATHS = (
					"$(inherited)",
					"@executable_path/Frameworks",
				);
				PRODUCT_BUNDLE_IDENTIFIER = com.dreamin.Vridge;
				PRODUCT_NAME = "$(TARGET_NAME)";
				SWIFT_VERSION = 5.0;
				TARGETED_DEVICE_FAMILY = "1,2";
			};
			name = Release;
		};
/* End XCBuildConfiguration section */

/* Begin XCConfigurationList section */
		3D1FA46A2526F30000C6388A /* Build configuration list for PBXProject "Vridge" */ = {
			isa = XCConfigurationList;
			buildConfigurations = (
				3D1FA4812526F30400C6388A /* Debug */,
				3D1FA4822526F30400C6388A /* Release */,
			);
			defaultConfigurationIsVisible = 0;
			defaultConfigurationName = Release;
		};
		3D1FA4832526F30400C6388A /* Build configuration list for PBXNativeTarget "Vridge" */ = {
			isa = XCConfigurationList;
			buildConfigurations = (
				3D1FA4842526F30400C6388A /* Debug */,
				3D1FA4852526F30400C6388A /* Release */,
			);
			defaultConfigurationIsVisible = 0;
			defaultConfigurationName = Release;
		};
/* End XCConfigurationList section */
	};
	rootObject = 3D1FA4672526F30000C6388A /* Project object */;
}
