// !$*UTF8*$!
{
	archiveVersion = 1;
	classes = {
	};
	objectVersion = 51;
	objects = {

/* Begin PBXBuildFile section */
		3D1FA4732526F30100C6388A /* AppDelegate.swift in Sources */ = {isa = PBXBuildFile; fileRef = 3D1FA4722526F30100C6388A /* AppDelegate.swift */; };
		3D1FA4752526F30100C6388A /* SceneDelegate.swift in Sources */ = {isa = PBXBuildFile; fileRef = 3D1FA4742526F30100C6388A /* SceneDelegate.swift */; };
		3D1FA4772526F30100C6388A /* HomeViewController.swift in Sources */ = {isa = PBXBuildFile; fileRef = 3D1FA4762526F30100C6388A /* HomeViewController.swift */; };
		3D1FA47A2526F30100C6388A /* Main.storyboard in Resources */ = {isa = PBXBuildFile; fileRef = 3D1FA4782526F30100C6388A /* Main.storyboard */; };
		3D1FA47C2526F30400C6388A /* Assets.xcassets in Resources */ = {isa = PBXBuildFile; fileRef = 3D1FA47B2526F30400C6388A /* Assets.xcassets */; };
		3D1FA47F2526F30400C6388A /* LaunchScreen.storyboard in Resources */ = {isa = PBXBuildFile; fileRef = 3D1FA47D2526F30400C6388A /* LaunchScreen.storyboard */; };
		3D1FA4892526F51900C6388A /* TabBarController.swift in Sources */ = {isa = PBXBuildFile; fileRef = 3D1FA4882526F51900C6388A /* TabBarController.swift */; };
		3D1FA48C2526FC9500C6388A /* Extension.swift in Sources */ = {isa = PBXBuildFile; fileRef = 3D1FA48B2526FC9400C6388A /* Extension.swift */; };
		3D7F9CD62529954A006E23F4 /* HomeStoryboard.storyboard in Resources */ = {isa = PBXBuildFile; fileRef = 3D7F9CD52529954A006E23F4 /* HomeStoryboard.storyboard */; };
		3D7F9CD925299552006E23F4 /* MyPageStoryboard.storyboard in Resources */ = {isa = PBXBuildFile; fileRef = 3D7F9CD825299552006E23F4 /* MyPageStoryboard.storyboard */; };
		3D7F9CDC252998CC006E23F4 /* MyPageViewController.swift in Sources */ = {isa = PBXBuildFile; fileRef = 3D7F9CDB252998CC006E23F4 /* MyPageViewController.swift */; };
		3D7F9D2B2529BB09006E23F4 /* PostingViewController.swift in Sources */ = {isa = PBXBuildFile; fileRef = 3D7F9D2A2529BB09006E23F4 /* PostingViewController.swift */; };
		3D7F9D3C2529E388006E23F4 /* CaptionTextView.swift in Sources */ = {isa = PBXBuildFile; fileRef = 3D7F9D3B2529E388006E23F4 /* CaptionTextView.swift */; };
		3D7F9D3F2529EA86006E23F4 /* ImagePicker.swift in Sources */ = {isa = PBXBuildFile; fileRef = 3D7F9D3E2529EA86006E23F4 /* ImagePicker.swift */; };
		3D7F9D432529F114006E23F4 /* PostPhotoCell.swift in Sources */ = {isa = PBXBuildFile; fileRef = 3D7F9D422529F114006E23F4 /* PostPhotoCell.swift */; };
		C840F2487B2C26784737D5A1 /* Pods_Vridge.framework in Frameworks */ = {isa = PBXBuildFile; fileRef = A33ACCF0421075477663B637 /* Pods_Vridge.framework */; };
/* End PBXBuildFile section */

/* Begin PBXFileReference section */
		3D1FA46F2526F30100C6388A /* Vridge.app */ = {isa = PBXFileReference; explicitFileType = wrapper.application; includeInIndex = 0; path = Vridge.app; sourceTree = BUILT_PRODUCTS_DIR; };
		3D1FA4722526F30100C6388A /* AppDelegate.swift */ = {isa = PBXFileReference; lastKnownFileType = sourcecode.swift; path = AppDelegate.swift; sourceTree = "<group>"; };
		3D1FA4742526F30100C6388A /* SceneDelegate.swift */ = {isa = PBXFileReference; lastKnownFileType = sourcecode.swift; path = SceneDelegate.swift; sourceTree = "<group>"; };
		3D1FA4762526F30100C6388A /* HomeViewController.swift */ = {isa = PBXFileReference; lastKnownFileType = sourcecode.swift; path = HomeViewController.swift; sourceTree = "<group>"; };
		3D1FA4792526F30100C6388A /* Base */ = {isa = PBXFileReference; lastKnownFileType = file.storyboard; name = Base; path = Base.lproj/Main.storyboard; sourceTree = "<group>"; };
		3D1FA47B2526F30400C6388A /* Assets.xcassets */ = {isa = PBXFileReference; lastKnownFileType = folder.assetcatalog; path = Assets.xcassets; sourceTree = "<group>"; };
		3D1FA47E2526F30400C6388A /* Base */ = {isa = PBXFileReference; lastKnownFileType = file.storyboard; name = Base; path = Base.lproj/LaunchScreen.storyboard; sourceTree = "<group>"; };
		3D1FA4802526F30400C6388A /* Info.plist */ = {isa = PBXFileReference; lastKnownFileType = text.plist.xml; path = Info.plist; sourceTree = "<group>"; };
		3D1FA4882526F51900C6388A /* TabBarController.swift */ = {isa = PBXFileReference; lastKnownFileType = sourcecode.swift; path = TabBarController.swift; sourceTree = "<group>"; };
		3D1FA48B2526FC9400C6388A /* Extension.swift */ = {isa = PBXFileReference; fileEncoding = 4; lastKnownFileType = sourcecode.swift; path = Extension.swift; sourceTree = "<group>"; };
		3D7F9CD52529954A006E23F4 /* HomeStoryboard.storyboard */ = {isa = PBXFileReference; lastKnownFileType = file.storyboard; path = HomeStoryboard.storyboard; sourceTree = "<group>"; };
		3D7F9CD825299552006E23F4 /* MyPageStoryboard.storyboard */ = {isa = PBXFileReference; lastKnownFileType = file.storyboard; path = MyPageStoryboard.storyboard; sourceTree = "<group>"; };
		3D7F9CDB252998CC006E23F4 /* MyPageViewController.swift */ = {isa = PBXFileReference; lastKnownFileType = sourcecode.swift; path = MyPageViewController.swift; sourceTree = "<group>"; };
		3D7F9D2A2529BB09006E23F4 /* PostingViewController.swift */ = {isa = PBXFileReference; lastKnownFileType = sourcecode.swift; path = PostingViewController.swift; sourceTree = "<group>"; };
		3D7F9D3B2529E388006E23F4 /* CaptionTextView.swift */ = {isa = PBXFileReference; fileEncoding = 4; lastKnownFileType = sourcecode.swift; path = CaptionTextView.swift; sourceTree = "<group>"; };
		3D7F9D3E2529EA86006E23F4 /* ImagePicker.swift */ = {isa = PBXFileReference; lastKnownFileType = sourcecode.swift; path = ImagePicker.swift; sourceTree = "<group>"; };
		3D7F9D422529F114006E23F4 /* PostPhotoCell.swift */ = {isa = PBXFileReference; lastKnownFileType = sourcecode.swift; path = PostPhotoCell.swift; sourceTree = "<group>"; };
		4EFB8696AD19739B99C5BA46 /* Pods-Vridge.debug.xcconfig */ = {isa = PBXFileReference; includeInIndex = 1; lastKnownFileType = text.xcconfig; name = "Pods-Vridge.debug.xcconfig"; path = "Target Support Files/Pods-Vridge/Pods-Vridge.debug.xcconfig"; sourceTree = "<group>"; };
		72092CD734F1544741759B80 /* Pods-Vridge.release.xcconfig */ = {isa = PBXFileReference; includeInIndex = 1; lastKnownFileType = text.xcconfig; name = "Pods-Vridge.release.xcconfig"; path = "Target Support Files/Pods-Vridge/Pods-Vridge.release.xcconfig"; sourceTree = "<group>"; };
		A33ACCF0421075477663B637 /* Pods_Vridge.framework */ = {isa = PBXFileReference; explicitFileType = wrapper.framework; includeInIndex = 0; path = Pods_Vridge.framework; sourceTree = BUILT_PRODUCTS_DIR; };
/* End PBXFileReference section */

/* Begin PBXFrameworksBuildPhase section */
		3D1FA46C2526F30000C6388A /* Frameworks */ = {
			isa = PBXFrameworksBuildPhase;
			buildActionMask = 2147483647;
			files = (
				C840F2487B2C26784737D5A1 /* Pods_Vridge.framework in Frameworks */,
			);
			runOnlyForDeploymentPostprocessing = 0;
		};
/* End PBXFrameworksBuildPhase section */

/* Begin PBXGroup section */
		3138EFDBBEB329C52D2D601E /* Pods */ = {
			isa = PBXGroup;
			children = (
				4EFB8696AD19739B99C5BA46 /* Pods-Vridge.debug.xcconfig */,
				72092CD734F1544741759B80 /* Pods-Vridge.release.xcconfig */,
			);
			path = Pods;
			sourceTree = "<group>";
		};
		3D1FA4662526F30000C6388A = {
			isa = PBXGroup;
			children = (
				3D1FA4712526F30100C6388A /* Vridge */,
				3D1FA4702526F30100C6388A /* Products */,
				3138EFDBBEB329C52D2D601E /* Pods */,
				EA8C7E823BE70EFB34DB1300 /* Frameworks */,
			);
			sourceTree = "<group>";
		};
		3D1FA4702526F30100C6388A /* Products */ = {
			isa = PBXGroup;
			children = (
				3D1FA46F2526F30100C6388A /* Vridge.app */,
			);
			name = Products;
			sourceTree = "<group>";
		};
		3D1FA4712526F30100C6388A /* Vridge */ = {
			isa = PBXGroup;
			children = (
				3D1FA4722526F30100C6388A /* AppDelegate.swift */,
				3D1FA4742526F30100C6388A /* SceneDelegate.swift */,
				3D7F9D222529B86C006E23F4 /* Model */,
				3D7F9D232529B875006E23F4 /* View */,
				3D7F9D242529B878006E23F4 /* ViewModel */,
				3D7F9D252529B87D006E23F4 /* Controller */,
				3D7F9CD425299538006E23F4 /* Storyboards */,
				3D61FF53252AE61000AC90D2 /* Utils */,
				3D1FA47D2526F30400C6388A /* LaunchScreen.storyboard */,
				3D1FA4802526F30400C6388A /* Info.plist */,
				3D1FA47B2526F30400C6388A /* Assets.xcassets */,
			);
			path = Vridge;
			sourceTree = "<group>";
		};
		3D61FF53252AE61000AC90D2 /* Utils */ = {
			isa = PBXGroup;
			children = (
				3D1FA48B2526FC9400C6388A /* Extension.swift */,
			);
			path = Utils;
			sourceTree = "<group>";
		};
		3D7F9CD425299538006E23F4 /* Storyboards */ = {
			isa = PBXGroup;
			children = (
				3D1FA4782526F30100C6388A /* Main.storyboard */,
				3D7F9CD52529954A006E23F4 /* HomeStoryboard.storyboard */,
				3D7F9CD825299552006E23F4 /* MyPageStoryboard.storyboard */,
			);
			path = Storyboards;
			sourceTree = "<group>";
		};
		3D7F9D222529B86C006E23F4 /* Model */ = {
			isa = PBXGroup;
			children = (
			);
			path = Model;
			sourceTree = "<group>";
		};
		3D7F9D232529B875006E23F4 /* View */ = {
			isa = PBXGroup;
			children = (
				3D7F9D3B2529E388006E23F4 /* CaptionTextView.swift */,
				3D7F9D3E2529EA86006E23F4 /* ImagePicker.swift */,
				3D7F9D422529F114006E23F4 /* PostPhotoCell.swift */,
			);
			path = View;
			sourceTree = "<group>";
		};
		3D7F9D242529B878006E23F4 /* ViewModel */ = {
			isa = PBXGroup;
			children = (
			);
			path = ViewModel;
			sourceTree = "<group>";
		};
		3D7F9D252529B87D006E23F4 /* Controller */ = {
			isa = PBXGroup;
			children = (
				3D1FA4882526F51900C6388A /* TabBarController.swift */,
				3D1FA4762526F30100C6388A /* HomeViewController.swift */,
				3D7F9D2A2529BB09006E23F4 /* PostingViewController.swift */,
				3D7F9CDB252998CC006E23F4 /* MyPageViewController.swift */,
			);
			path = Controller;
			sourceTree = "<group>";
		};
		EA8C7E823BE70EFB34DB1300 /* Frameworks */ = {
			isa = PBXGroup;
			children = (
				A33ACCF0421075477663B637 /* Pods_Vridge.framework */,
			);
			name = Frameworks;
			sourceTree = "<group>";
		};
/* End PBXGroup section */

/* Begin PBXNativeTarget section */
		3D1FA46E2526F30000C6388A /* Vridge */ = {
			isa = PBXNativeTarget;
			buildConfigurationList = 3D1FA4832526F30400C6388A /* Build configuration list for PBXNativeTarget "Vridge" */;
			buildPhases = (
				E2CABE02254594AD36123B94 /* [CP] Check Pods Manifest.lock */,
				3D1FA46B2526F30000C6388A /* Sources */,
				3D1FA46C2526F30000C6388A /* Frameworks */,
				3D1FA46D2526F30000C6388A /* Resources */,
				FA432716B723357500900218 /* [CP] Embed Pods Frameworks */,
			);
			buildRules = (
			);
			dependencies = (
			);
			name = Vridge;
			productName = Vridge;
			productReference = 3D1FA46F2526F30100C6388A /* Vridge.app */;
			productType = "com.apple.product-type.application";
		};
/* End PBXNativeTarget section */

/* Begin PBXProject section */
		3D1FA4672526F30000C6388A /* Project object */ = {
			isa = PBXProject;
			attributes = {
				LastSwiftUpdateCheck = 1200;
				LastUpgradeCheck = 1200;
				TargetAttributes = {
					3D1FA46E2526F30000C6388A = {
						CreatedOnToolsVersion = 12.0;
					};
				};
			};
			buildConfigurationList = 3D1FA46A2526F30000C6388A /* Build configuration list for PBXProject "Vridge" */;
			compatibilityVersion = "Xcode 9.3";
			developmentRegion = en;
			hasScannedForEncodings = 0;
			knownRegions = (
				en,
				Base,
			);
			mainGroup = 3D1FA4662526F30000C6388A;
			productRefGroup = 3D1FA4702526F30100C6388A /* Products */;
			projectDirPath = "";
			projectRoot = "";
			targets = (
				3D1FA46E2526F30000C6388A /* Vridge */,
			);
		};
/* End PBXProject section */

/* Begin PBXResourcesBuildPhase section */
		3D1FA46D2526F30000C6388A /* Resources */ = {
			isa = PBXResourcesBuildPhase;
			buildActionMask = 2147483647;
			files = (
				3D1FA47F2526F30400C6388A /* LaunchScreen.storyboard in Resources */,
				3D7F9CD925299552006E23F4 /* MyPageStoryboard.storyboard in Resources */,
				3D1FA47C2526F30400C6388A /* Assets.xcassets in Resources */,
				3D7F9CD62529954A006E23F4 /* HomeStoryboard.storyboard in Resources */,
				3D1FA47A2526F30100C6388A /* Main.storyboard in Resources */,
			);
			runOnlyForDeploymentPostprocessing = 0;
		};
/* End PBXResourcesBuildPhase section */

/* Begin PBXShellScriptBuildPhase section */
		E2CABE02254594AD36123B94 /* [CP] Check Pods Manifest.lock */ = {
			isa = PBXShellScriptBuildPhase;
			buildActionMask = 2147483647;
			files = (
			);
			inputFileListPaths = (
			);
			inputPaths = (
				"${PODS_PODFILE_DIR_PATH}/Podfile.lock",
				"${PODS_ROOT}/Manifest.lock",
			);
			name = "[CP] Check Pods Manifest.lock";
			outputFileListPaths = (
			);
			outputPaths = (
				"$(DERIVED_FILE_DIR)/Pods-Vridge-checkManifestLockResult.txt",
			);
			runOnlyForDeploymentPostprocessing = 0;
			shellPath = /bin/sh;
			shellScript = "diff \"${PODS_PODFILE_DIR_PATH}/Podfile.lock\" \"${PODS_ROOT}/Manifest.lock\" > /dev/null\nif [ $? != 0 ] ; then\n    # print error to STDERR\n    echo \"error: The sandbox is not in sync with the Podfile.lock. Run 'pod install' or update your CocoaPods installation.\" >&2\n    exit 1\nfi\n# This output is used by Xcode 'outputs' to avoid re-running this script phase.\necho \"SUCCESS\" > \"${SCRIPT_OUTPUT_FILE_0}\"\n";
			showEnvVarsInLog = 0;
		};
		FA432716B723357500900218 /* [CP] Embed Pods Frameworks */ = {
			isa = PBXShellScriptBuildPhase;
			buildActionMask = 2147483647;
			files = (
			);
			inputFileListPaths = (
				"${PODS_ROOT}/Target Support Files/Pods-Vridge/Pods-Vridge-frameworks-${CONFIGURATION}-input-files.xcfilelist",
			);
			name = "[CP] Embed Pods Frameworks";
			outputFileListPaths = (
				"${PODS_ROOT}/Target Support Files/Pods-Vridge/Pods-Vridge-frameworks-${CONFIGURATION}-output-files.xcfilelist",
			);
			runOnlyForDeploymentPostprocessing = 0;
			shellPath = /bin/sh;
			shellScript = "\"${PODS_ROOT}/Target Support Files/Pods-Vridge/Pods-Vridge-frameworks.sh\"\n";
			showEnvVarsInLog = 0;
		};
/* End PBXShellScriptBuildPhase section */

/* Begin PBXSourcesBuildPhase section */
		3D1FA46B2526F30000C6388A /* Sources */ = {
			isa = PBXSourcesBuildPhase;
			buildActionMask = 2147483647;
			files = (
				3D1FA48C2526FC9500C6388A /* Extension.swift in Sources */,
				3D7F9D2B2529BB09006E23F4 /* PostingViewController.swift in Sources */,
				3D7F9CDC252998CC006E23F4 /* MyPageViewController.swift in Sources */,
				3D7F9D3F2529EA86006E23F4 /* ImagePicker.swift in Sources */,
				3D1FA4772526F30100C6388A /* HomeViewController.swift in Sources */,
				3D1FA4892526F51900C6388A /* TabBarController.swift in Sources */,
				3D7F9D432529F114006E23F4 /* PostPhotoCell.swift in Sources */,
				3D7F9D3C2529E388006E23F4 /* CaptionTextView.swift in Sources */,
				3D1FA4732526F30100C6388A /* AppDelegate.swift in Sources */,
				3D1FA4752526F30100C6388A /* SceneDelegate.swift in Sources */,
			);
			runOnlyForDeploymentPostprocessing = 0;
		};
/* End PBXSourcesBuildPhase section */

/* Begin PBXVariantGroup section */
		3D1FA4782526F30100C6388A /* Main.storyboard */ = {
			isa = PBXVariantGroup;
			children = (
				3D1FA4792526F30100C6388A /* Base */,
			);
			name = Main.storyboard;
			sourceTree = "<group>";
		};
		3D1FA47D2526F30400C6388A /* LaunchScreen.storyboard */ = {
			isa = PBXVariantGroup;
			children = (
				3D1FA47E2526F30400C6388A /* Base */,
			);
			name = LaunchScreen.storyboard;
			sourceTree = "<group>";
		};
/* End PBXVariantGroup section */

/* Begin XCBuildConfiguration section */
		3D1FA4812526F30400C6388A /* Debug */ = {
			isa = XCBuildConfiguration;
			buildSettings = {
				ALWAYS_SEARCH_USER_PATHS = NO;
				CLANG_ANALYZER_NONNULL = YES;
				CLANG_ANALYZER_NUMBER_OBJECT_CONVERSION = YES_AGGRESSIVE;
				CLANG_CXX_LANGUAGE_STANDARD = "gnu++14";
				CLANG_CXX_LIBRARY = "libc++";
				CLANG_ENABLE_MODULES = YES;
				CLANG_ENABLE_OBJC_ARC = YES;
				CLANG_ENABLE_OBJC_WEAK = YES;
				CLANG_WARN_BLOCK_CAPTURE_AUTORELEASING = YES;
				CLANG_WARN_BOOL_CONVERSION = YES;
				CLANG_WARN_COMMA = YES;
				CLANG_WARN_CONSTANT_CONVERSION = YES;
				CLANG_WARN_DEPRECATED_OBJC_IMPLEMENTATIONS = YES;
				CLANG_WARN_DIRECT_OBJC_ISA_USAGE = YES_ERROR;
				CLANG_WARN_DOCUMENTATION_COMMENTS = YES;
				CLANG_WARN_EMPTY_BODY = YES;
				CLANG_WARN_ENUM_CONVERSION = YES;
				CLANG_WARN_INFINITE_RECURSION = YES;
				CLANG_WARN_INT_CONVERSION = YES;
				CLANG_WARN_NON_LITERAL_NULL_CONVERSION = YES;
				CLANG_WARN_OBJC_IMPLICIT_RETAIN_SELF = YES;
				CLANG_WARN_OBJC_LITERAL_CONVERSION = YES;
				CLANG_WARN_OBJC_ROOT_CLASS = YES_ERROR;
				CLANG_WARN_QUOTED_INCLUDE_IN_FRAMEWORK_HEADER = YES;
				CLANG_WARN_RANGE_LOOP_ANALYSIS = YES;
				CLANG_WARN_STRICT_PROTOTYPES = YES;
				CLANG_WARN_SUSPICIOUS_MOVE = YES;
				CLANG_WARN_UNGUARDED_AVAILABILITY = YES_AGGRESSIVE;
				CLANG_WARN_UNREACHABLE_CODE = YES;
				CLANG_WARN__DUPLICATE_METHOD_MATCH = YES;
				COPY_PHASE_STRIP = NO;
				DEBUG_INFORMATION_FORMAT = dwarf;
				ENABLE_STRICT_OBJC_MSGSEND = YES;
				ENABLE_TESTABILITY = YES;
				GCC_C_LANGUAGE_STANDARD = gnu11;
				GCC_DYNAMIC_NO_PIC = NO;
				GCC_NO_COMMON_BLOCKS = YES;
				GCC_OPTIMIZATION_LEVEL = 0;
				GCC_PREPROCESSOR_DEFINITIONS = (
					"DEBUG=1",
					"$(inherited)",
				);
				GCC_WARN_64_TO_32_BIT_CONVERSION = YES;
				GCC_WARN_ABOUT_RETURN_TYPE = YES_ERROR;
				GCC_WARN_UNDECLARED_SELECTOR = YES;
				GCC_WARN_UNINITIALIZED_AUTOS = YES_AGGRESSIVE;
				GCC_WARN_UNUSED_FUNCTION = YES;
				GCC_WARN_UNUSED_VARIABLE = YES;
				IPHONEOS_DEPLOYMENT_TARGET = 14.0;
				MTL_ENABLE_DEBUG_INFO = INCLUDE_SOURCE;
				MTL_FAST_MATH = YES;
				ONLY_ACTIVE_ARCH = YES;
				SDKROOT = iphoneos;
				SWIFT_ACTIVE_COMPILATION_CONDITIONS = DEBUG;
				SWIFT_OPTIMIZATION_LEVEL = "-Onone";
			};
			name = Debug;
		};
		3D1FA4822526F30400C6388A /* Release */ = {
			isa = XCBuildConfiguration;
			buildSettings = {
				ALWAYS_SEARCH_USER_PATHS = NO;
				CLANG_ANALYZER_NONNULL = YES;
				CLANG_ANALYZER_NUMBER_OBJECT_CONVERSION = YES_AGGRESSIVE;
				CLANG_CXX_LANGUAGE_STANDARD = "gnu++14";
				CLANG_CXX_LIBRARY = "libc++";
				CLANG_ENABLE_MODULES = YES;
				CLANG_ENABLE_OBJC_ARC = YES;
				CLANG_ENABLE_OBJC_WEAK = YES;
				CLANG_WARN_BLOCK_CAPTURE_AUTORELEASING = YES;
				CLANG_WARN_BOOL_CONVERSION = YES;
				CLANG_WARN_COMMA = YES;
				CLANG_WARN_CONSTANT_CONVERSION = YES;
				CLANG_WARN_DEPRECATED_OBJC_IMPLEMENTATIONS = YES;
				CLANG_WARN_DIRECT_OBJC_ISA_USAGE = YES_ERROR;
				CLANG_WARN_DOCUMENTATION_COMMENTS = YES;
				CLANG_WARN_EMPTY_BODY = YES;
				CLANG_WARN_ENUM_CONVERSION = YES;
				CLANG_WARN_INFINITE_RECURSION = YES;
				CLANG_WARN_INT_CONVERSION = YES;
				CLANG_WARN_NON_LITERAL_NULL_CONVERSION = YES;
				CLANG_WARN_OBJC_IMPLICIT_RETAIN_SELF = YES;
				CLANG_WARN_OBJC_LITERAL_CONVERSION = YES;
				CLANG_WARN_OBJC_ROOT_CLASS = YES_ERROR;
				CLANG_WARN_QUOTED_INCLUDE_IN_FRAMEWORK_HEADER = YES;
				CLANG_WARN_RANGE_LOOP_ANALYSIS = YES;
				CLANG_WARN_STRICT_PROTOTYPES = YES;
				CLANG_WARN_SUSPICIOUS_MOVE = YES;
				CLANG_WARN_UNGUARDED_AVAILABILITY = YES_AGGRESSIVE;
				CLANG_WARN_UNREACHABLE_CODE = YES;
				CLANG_WARN__DUPLICATE_METHOD_MATCH = YES;
				COPY_PHASE_STRIP = NO;
				DEBUG_INFORMATION_FORMAT = "dwarf-with-dsym";
				ENABLE_NS_ASSERTIONS = NO;
				ENABLE_STRICT_OBJC_MSGSEND = YES;
				GCC_C_LANGUAGE_STANDARD = gnu11;
				GCC_NO_COMMON_BLOCKS = YES;
				GCC_WARN_64_TO_32_BIT_CONVERSION = YES;
				GCC_WARN_ABOUT_RETURN_TYPE = YES_ERROR;
				GCC_WARN_UNDECLARED_SELECTOR = YES;
				GCC_WARN_UNINITIALIZED_AUTOS = YES_AGGRESSIVE;
				GCC_WARN_UNUSED_FUNCTION = YES;
				GCC_WARN_UNUSED_VARIABLE = YES;
				IPHONEOS_DEPLOYMENT_TARGET = 14.0;
				MTL_ENABLE_DEBUG_INFO = NO;
				MTL_FAST_MATH = YES;
				SDKROOT = iphoneos;
				SWIFT_COMPILATION_MODE = wholemodule;
				SWIFT_OPTIMIZATION_LEVEL = "-O";
				VALIDATE_PRODUCT = YES;
			};
			name = Release;
		};
		3D1FA4842526F30400C6388A /* Debug */ = {
			isa = XCBuildConfiguration;
			baseConfigurationReference = 4EFB8696AD19739B99C5BA46 /* Pods-Vridge.debug.xcconfig */;
			buildSettings = {
				ASSETCATALOG_COMPILER_APPICON_NAME = AppIcon;
				ASSETCATALOG_COMPILER_GLOBAL_ACCENT_COLOR_NAME = AccentColor;
				CODE_SIGN_STYLE = Automatic;
				DEVELOPMENT_TEAM = 3YAPL3Q6FM;
				INFOPLIST_FILE = Vridge/Info.plist;
				LD_RUNPATH_SEARCH_PATHS = (
					"$(inherited)",
					"@executable_path/Frameworks",
				);
				PRODUCT_BUNDLE_IDENTIFIER = "com.mingu-king.Vridge";
				PRODUCT_NAME = "$(TARGET_NAME)";
				SWIFT_VERSION = 5.0;
				TARGETED_DEVICE_FAMILY = "1,2";
			};
			name = Debug;
		};
		3D1FA4852526F30400C6388A /* Release */ = {
			isa = XCBuildConfiguration;
			baseConfigurationReference = 72092CD734F1544741759B80 /* Pods-Vridge.release.xcconfig */;
			buildSettings = {
				ASSETCATALOG_COMPILER_APPICON_NAME = AppIcon;
				ASSETCATALOG_COMPILER_GLOBAL_ACCENT_COLOR_NAME = AccentColor;
				CODE_SIGN_STYLE = Automatic;
				DEVELOPMENT_TEAM = 3YAPL3Q6FM;
				INFOPLIST_FILE = Vridge/Info.plist;
				LD_RUNPATH_SEARCH_PATHS = (
					"$(inherited)",
					"@executable_path/Frameworks",
				);
				PRODUCT_BUNDLE_IDENTIFIER = "com.mingu-king.Vridge";
				PRODUCT_NAME = "$(TARGET_NAME)";
				SWIFT_VERSION = 5.0;
				TARGETED_DEVICE_FAMILY = "1,2";
			};
			name = Release;
		};
/* End XCBuildConfiguration section */

/* Begin XCConfigurationList section */
		3D1FA46A2526F30000C6388A /* Build configuration list for PBXProject "Vridge" */ = {
			isa = XCConfigurationList;
			buildConfigurations = (
				3D1FA4812526F30400C6388A /* Debug */,
				3D1FA4822526F30400C6388A /* Release */,
			);
			defaultConfigurationIsVisible = 0;
			defaultConfigurationName = Release;
		};
		3D1FA4832526F30400C6388A /* Build configuration list for PBXNativeTarget "Vridge" */ = {
			isa = XCConfigurationList;
			buildConfigurations = (
				3D1FA4842526F30400C6388A /* Debug */,
				3D1FA4852526F30400C6388A /* Release */,
			);
			defaultConfigurationIsVisible = 0;
			defaultConfigurationName = Release;
		};
/* End XCConfigurationList section */
	};
	rootObject = 3D1FA4672526F30000C6388A /* Project object */;
}
