// !$*UTF8*$!
{
	archiveVersion = 1;
	classes = {
	};
	objectVersion = 50;
	objects = {

/* Begin PBXBuildFile section */
		BB85E28725296202006BFCF5 /* VegetarianTypeViewController.swift in Sources */ = {isa = PBXBuildFile; fileRef = BB85E28625296202006BFCF5 /* VegetarianTypeViewController.swift */; };
		BBE3AF58252960440063191C /* AppDelegate.swift in Sources */ = {isa = PBXBuildFile; fileRef = BBE3AF57252960440063191C /* AppDelegate.swift */; };
		BBE3AF5A252960440063191C /* SceneDelegate.swift in Sources */ = {isa = PBXBuildFile; fileRef = BBE3AF59252960440063191C /* SceneDelegate.swift */; };
		BBE3AF5C252960440063191C /* ViewController.swift in Sources */ = {isa = PBXBuildFile; fileRef = BBE3AF5B252960440063191C /* ViewController.swift */; };
		BBE3AF5F252960440063191C /* Main.storyboard in Resources */ = {isa = PBXBuildFile; fileRef = BBE3AF5D252960440063191C /* Main.storyboard */; };
		BBE3AF61252960460063191C /* Assets.xcassets in Resources */ = {isa = PBXBuildFile; fileRef = BBE3AF60252960460063191C /* Assets.xcassets */; };
		BBE3AF64252960460063191C /* LaunchScreen.storyboard in Resources */ = {isa = PBXBuildFile; fileRef = BBE3AF62252960460063191C /* LaunchScreen.storyboard */; };
/* End PBXBuildFile section */

/* Begin PBXFileReference section */
		BB85E28625296202006BFCF5 /* VegetarianTypeViewController.swift */ = {isa = PBXFileReference; lastKnownFileType = sourcecode.swift; path = VegetarianTypeViewController.swift; sourceTree = "<group>"; };
		BBE3AF54252960440063191C /* DetailExample.app */ = {isa = PBXFileReference; explicitFileType = wrapper.application; includeInIndex = 0; path = DetailExample.app; sourceTree = BUILT_PRODUCTS_DIR; };
		BBE3AF57252960440063191C /* AppDelegate.swift */ = {isa = PBXFileReference; lastKnownFileType = sourcecode.swift; path = AppDelegate.swift; sourceTree = "<group>"; };
		BBE3AF59252960440063191C /* SceneDelegate.swift */ = {isa = PBXFileReference; lastKnownFileType = sourcecode.swift; path = SceneDelegate.swift; sourceTree = "<group>"; };
		BBE3AF5B252960440063191C /* ViewController.swift */ = {isa = PBXFileReference; lastKnownFileType = sourcecode.swift; path = ViewController.swift; sourceTree = "<group>"; };
		BBE3AF5E252960440063191C /* Base */ = {isa = PBXFileReference; lastKnownFileType = file.storyboard; name = Base; path = Base.lproj/Main.storyboard; sourceTree = "<group>"; };
		BBE3AF60252960460063191C /* Assets.xcassets */ = {isa = PBXFileReference; lastKnownFileType = folder.assetcatalog; path = Assets.xcassets; sourceTree = "<group>"; };
		BBE3AF63252960460063191C /* Base */ = {isa = PBXFileReference; lastKnownFileType = file.storyboard; name = Base; path = Base.lproj/LaunchScreen.storyboard; sourceTree = "<group>"; };
		BBE3AF65252960460063191C /* Info.plist */ = {isa = PBXFileReference; lastKnownFileType = text.plist.xml; path = Info.plist; sourceTree = "<group>"; };
/* End PBXFileReference section */

/* Begin PBXFrameworksBuildPhase section */
		BBE3AF51252960440063191C /* Frameworks */ = {
			isa = PBXFrameworksBuildPhase;
			buildActionMask = 2147483647;
			files = (
			);
			runOnlyForDeploymentPostprocessing = 0;
		};
/* End PBXFrameworksBuildPhase section */

/* Begin PBXGroup section */
		BBE3AF4B252960440063191C = {
			isa = PBXGroup;
			children = (
				BBE3AF56252960440063191C /* DetailExample */,
				BBE3AF55252960440063191C /* Products */,
			);
			sourceTree = "<group>";
		};
		BBE3AF55252960440063191C /* Products */ = {
			isa = PBXGroup;
			children = (
				BBE3AF54252960440063191C /* DetailExample.app */,
			);
			name = Products;
			sourceTree = "<group>";
		};
		BBE3AF56252960440063191C /* DetailExample */ = {
			isa = PBXGroup;
			children = (
				BBE3AF57252960440063191C /* AppDelegate.swift */,
				BBE3AF59252960440063191C /* SceneDelegate.swift */,
				BBE3AF5B252960440063191C /* ViewController.swift */,
				BBE3AF5D252960440063191C /* Main.storyboard */,
				BBE3AF60252960460063191C /* Assets.xcassets */,
				BBE3AF62252960460063191C /* LaunchScreen.storyboard */,
				BBE3AF65252960460063191C /* Info.plist */,
				BB85E28625296202006BFCF5 /* VegetarianTypeViewController.swift */,
			);
			path = DetailExample;
			sourceTree = "<group>";
		};
/* End PBXGroup section */

/* Begin PBXNativeTarget section */
		BBE3AF53252960440063191C /* DetailExample */ = {
			isa = PBXNativeTarget;
			buildConfigurationList = BBE3AF68252960460063191C /* Build configuration list for PBXNativeTarget "DetailExample" */;
			buildPhases = (
				BBE3AF50252960440063191C /* Sources */,
				BBE3AF51252960440063191C /* Frameworks */,
				BBE3AF52252960440063191C /* Resources */,
			);
			buildRules = (
			);
			dependencies = (
			);
			name = DetailExample;
			productName = DetailExample;
			productReference = BBE3AF54252960440063191C /* DetailExample.app */;
			productType = "com.apple.product-type.application";
		};
/* End PBXNativeTarget section */

/* Begin PBXProject section */
		BBE3AF4C252960440063191C /* Project object */ = {
			isa = PBXProject;
			attributes = {
				LastSwiftUpdateCheck = 1150;
				LastUpgradeCheck = 1150;
				ORGANIZATIONNAME = "김루희";
				TargetAttributes = {
					BBE3AF53252960440063191C = {
						CreatedOnToolsVersion = 11.5;
					};
				};
			};
			buildConfigurationList = BBE3AF4F252960440063191C /* Build configuration list for PBXProject "DetailExample" */;
			compatibilityVersion = "Xcode 9.3";
			developmentRegion = en;
			hasScannedForEncodings = 0;
			knownRegions = (
				en,
				Base,
			);
			mainGroup = BBE3AF4B252960440063191C;
			productRefGroup = BBE3AF55252960440063191C /* Products */;
			projectDirPath = "";
			projectRoot = "";
			targets = (
				BBE3AF53252960440063191C /* DetailExample */,
			);
		};
/* End PBXProject section */

/* Begin PBXResourcesBuildPhase section */
		BBE3AF52252960440063191C /* Resources */ = {
			isa = PBXResourcesBuildPhase;
			buildActionMask = 2147483647;
			files = (
				BBE3AF64252960460063191C /* LaunchScreen.storyboard in Resources */,
				BBE3AF61252960460063191C /* Assets.xcassets in Resources */,
				BBE3AF5F252960440063191C /* Main.storyboard in Resources */,
			);
			runOnlyForDeploymentPostprocessing = 0;
		};
/* End PBXResourcesBuildPhase section */

/* Begin PBXSourcesBuildPhase section */
		BBE3AF50252960440063191C /* Sources */ = {
			isa = PBXSourcesBuildPhase;
			buildActionMask = 2147483647;
			files = (
				BB85E28725296202006BFCF5 /* VegetarianTypeViewController.swift in Sources */,
				BBE3AF5C252960440063191C /* ViewController.swift in Sources */,
				BBE3AF58252960440063191C /* AppDelegate.swift in Sources */,
				BBE3AF5A252960440063191C /* SceneDelegate.swift in Sources */,
			);
			runOnlyForDeploymentPostprocessing = 0;
		};
/* End PBXSourcesBuildPhase section */

/* Begin PBXVariantGroup section */
		BBE3AF5D252960440063191C /* Main.storyboard */ = {
			isa = PBXVariantGroup;
			children = (
				BBE3AF5E252960440063191C /* Base */,
			);
			name = Main.storyboard;
			sourceTree = "<group>";
		};
		BBE3AF62252960460063191C /* LaunchScreen.storyboard */ = {
			isa = PBXVariantGroup;
			children = (
				BBE3AF63252960460063191C /* Base */,
			);
			name = LaunchScreen.storyboard;
			sourceTree = "<group>";
		};
/* End PBXVariantGroup section */

/* Begin XCBuildConfiguration section */
		BBE3AF66252960460063191C /* Debug */ = {
			isa = XCBuildConfiguration;
			buildSettings = {
				ALWAYS_SEARCH_USER_PATHS = NO;
				CLANG_ANALYZER_NONNULL = YES;
				CLANG_ANALYZER_NUMBER_OBJECT_CONVERSION = YES_AGGRESSIVE;
				CLANG_CXX_LANGUAGE_STANDARD = "gnu++14";
				CLANG_CXX_LIBRARY = "libc++";
				CLANG_ENABLE_MODULES = YES;
				CLANG_ENABLE_OBJC_ARC = YES;
				CLANG_ENABLE_OBJC_WEAK = YES;
				CLANG_WARN_BLOCK_CAPTURE_AUTORELEASING = YES;
				CLANG_WARN_BOOL_CONVERSION = YES;
				CLANG_WARN_COMMA = YES;
				CLANG_WARN_CONSTANT_CONVERSION = YES;
				CLANG_WARN_DEPRECATED_OBJC_IMPLEMENTATIONS = YES;
				CLANG_WARN_DIRECT_OBJC_ISA_USAGE = YES_ERROR;
				CLANG_WARN_DOCUMENTATION_COMMENTS = YES;
				CLANG_WARN_EMPTY_BODY = YES;
				CLANG_WARN_ENUM_CONVERSION = YES;
				CLANG_WARN_INFINITE_RECURSION = YES;
				CLANG_WARN_INT_CONVERSION = YES;
				CLANG_WARN_NON_LITERAL_NULL_CONVERSION = YES;
				CLANG_WARN_OBJC_IMPLICIT_RETAIN_SELF = YES;
				CLANG_WARN_OBJC_LITERAL_CONVERSION = YES;
				CLANG_WARN_OBJC_ROOT_CLASS = YES_ERROR;
				CLANG_WARN_RANGE_LOOP_ANALYSIS = YES;
				CLANG_WARN_STRICT_PROTOTYPES = YES;
				CLANG_WARN_SUSPICIOUS_MOVE = YES;
				CLANG_WARN_UNGUARDED_AVAILABILITY = YES_AGGRESSIVE;
				CLANG_WARN_UNREACHABLE_CODE = YES;
				CLANG_WARN__DUPLICATE_METHOD_MATCH = YES;
				COPY_PHASE_STRIP = NO;
				DEBUG_INFORMATION_FORMAT = dwarf;
				ENABLE_STRICT_OBJC_MSGSEND = YES;
				ENABLE_TESTABILITY = YES;
				GCC_C_LANGUAGE_STANDARD = gnu11;
				GCC_DYNAMIC_NO_PIC = NO;
				GCC_NO_COMMON_BLOCKS = YES;
				GCC_OPTIMIZATION_LEVEL = 0;
				GCC_PREPROCESSOR_DEFINITIONS = (
					"DEBUG=1",
					"$(inherited)",
				);
				GCC_WARN_64_TO_32_BIT_CONVERSION = YES;
				GCC_WARN_ABOUT_RETURN_TYPE = YES_ERROR;
				GCC_WARN_UNDECLARED_SELECTOR = YES;
				GCC_WARN_UNINITIALIZED_AUTOS = YES_AGGRESSIVE;
				GCC_WARN_UNUSED_FUNCTION = YES;
				GCC_WARN_UNUSED_VARIABLE = YES;
				IPHONEOS_DEPLOYMENT_TARGET = 13.5;
				MTL_ENABLE_DEBUG_INFO = INCLUDE_SOURCE;
				MTL_FAST_MATH = YES;
				ONLY_ACTIVE_ARCH = YES;
				SDKROOT = iphoneos;
				SWIFT_ACTIVE_COMPILATION_CONDITIONS = DEBUG;
				SWIFT_OPTIMIZATION_LEVEL = "-Onone";
			};
			name = Debug;
		};
		BBE3AF67252960460063191C /* Release */ = {
			isa = XCBuildConfiguration;
			buildSettings = {
				ALWAYS_SEARCH_USER_PATHS = NO;
				CLANG_ANALYZER_NONNULL = YES;
				CLANG_ANALYZER_NUMBER_OBJECT_CONVERSION = YES_AGGRESSIVE;
				CLANG_CXX_LANGUAGE_STANDARD = "gnu++14";
				CLANG_CXX_LIBRARY = "libc++";
				CLANG_ENABLE_MODULES = YES;
				CLANG_ENABLE_OBJC_ARC = YES;
				CLANG_ENABLE_OBJC_WEAK = YES;
				CLANG_WARN_BLOCK_CAPTURE_AUTORELEASING = YES;
				CLANG_WARN_BOOL_CONVERSION = YES;
				CLANG_WARN_COMMA = YES;
				CLANG_WARN_CONSTANT_CONVERSION = YES;
				CLANG_WARN_DEPRECATED_OBJC_IMPLEMENTATIONS = YES;
				CLANG_WARN_DIRECT_OBJC_ISA_USAGE = YES_ERROR;
				CLANG_WARN_DOCUMENTATION_COMMENTS = YES;
				CLANG_WARN_EMPTY_BODY = YES;
				CLANG_WARN_ENUM_CONVERSION = YES;
				CLANG_WARN_INFINITE_RECURSION = YES;
				CLANG_WARN_INT_CONVERSION = YES;
				CLANG_WARN_NON_LITERAL_NULL_CONVERSION = YES;
				CLANG_WARN_OBJC_IMPLICIT_RETAIN_SELF = YES;
				CLANG_WARN_OBJC_LITERAL_CONVERSION = YES;
				CLANG_WARN_OBJC_ROOT_CLASS = YES_ERROR;
				CLANG_WARN_RANGE_LOOP_ANALYSIS = YES;
				CLANG_WARN_STRICT_PROTOTYPES = YES;
				CLANG_WARN_SUSPICIOUS_MOVE = YES;
				CLANG_WARN_UNGUARDED_AVAILABILITY = YES_AGGRESSIVE;
				CLANG_WARN_UNREACHABLE_CODE = YES;
				CLANG_WARN__DUPLICATE_METHOD_MATCH = YES;
				COPY_PHASE_STRIP = NO;
				DEBUG_INFORMATION_FORMAT = "dwarf-with-dsym";
				ENABLE_NS_ASSERTIONS = NO;
				ENABLE_STRICT_OBJC_MSGSEND = YES;
				GCC_C_LANGUAGE_STANDARD = gnu11;
				GCC_NO_COMMON_BLOCKS = YES;
				GCC_WARN_64_TO_32_BIT_CONVERSION = YES;
				GCC_WARN_ABOUT_RETURN_TYPE = YES_ERROR;
				GCC_WARN_UNDECLARED_SELECTOR = YES;
				GCC_WARN_UNINITIALIZED_AUTOS = YES_AGGRESSIVE;
				GCC_WARN_UNUSED_FUNCTION = YES;
				GCC_WARN_UNUSED_VARIABLE = YES;
				IPHONEOS_DEPLOYMENT_TARGET = 13.5;
				MTL_ENABLE_DEBUG_INFO = NO;
				MTL_FAST_MATH = YES;
				SDKROOT = iphoneos;
				SWIFT_COMPILATION_MODE = wholemodule;
				SWIFT_OPTIMIZATION_LEVEL = "-O";
				VALIDATE_PRODUCT = YES;
			};
			name = Release;
		};
		BBE3AF69252960460063191C /* Debug */ = {
			isa = XCBuildConfiguration;
			buildSettings = {
				ASSETCATALOG_COMPILER_APPICON_NAME = AppIcon;
				CODE_SIGN_STYLE = Automatic;
				DEVELOPMENT_TEAM = 5GQ6QL9S3X;
				INFOPLIST_FILE = DetailExample/Info.plist;
				LD_RUNPATH_SEARCH_PATHS = (
					"$(inherited)",
					"@executable_path/Frameworks",
				);
				PRODUCT_BUNDLE_IDENTIFIER = com.DetailExample;
				PRODUCT_NAME = "$(TARGET_NAME)";
				SWIFT_VERSION = 5.0;
				TARGETED_DEVICE_FAMILY = "1,2";
			};
			name = Debug;
		};
		BBE3AF6A252960460063191C /* Release */ = {
			isa = XCBuildConfiguration;
			buildSettings = {
				ASSETCATALOG_COMPILER_APPICON_NAME = AppIcon;
				CODE_SIGN_STYLE = Automatic;
				DEVELOPMENT_TEAM = 5GQ6QL9S3X;
				INFOPLIST_FILE = DetailExample/Info.plist;
				LD_RUNPATH_SEARCH_PATHS = (
					"$(inherited)",
					"@executable_path/Frameworks",
				);
				PRODUCT_BUNDLE_IDENTIFIER = com.DetailExample;
				PRODUCT_NAME = "$(TARGET_NAME)";
				SWIFT_VERSION = 5.0;
				TARGETED_DEVICE_FAMILY = "1,2";
			};
			name = Release;
		};
/* End XCBuildConfiguration section */

/* Begin XCConfigurationList section */
		BBE3AF4F252960440063191C /* Build configuration list for PBXProject "DetailExample" */ = {
			isa = XCConfigurationList;
			buildConfigurations = (
				BBE3AF66252960460063191C /* Debug */,
				BBE3AF67252960460063191C /* Release */,
			);
			defaultConfigurationIsVisible = 0;
			defaultConfigurationName = Release;
		};
		BBE3AF68252960460063191C /* Build configuration list for PBXNativeTarget "DetailExample" */ = {
			isa = XCConfigurationList;
			buildConfigurations = (
				BBE3AF69252960460063191C /* Debug */,
				BBE3AF6A252960460063191C /* Release */,
			);
			defaultConfigurationIsVisible = 0;
			defaultConfigurationName = Release;
		};
/* End XCConfigurationList section */
	};
	rootObject = BBE3AF4C252960440063191C /* Project object */;
}
